// !$*UTF8*$!
{
	archiveVersion = 1;
	classes = {
	};
	objectVersion = 56;
	objects = {

/* Begin PBXBuildFile section */
		B957F5242A61401C00EB44DD /* AppDelegate.swift in Sources */ = {isa = PBXBuildFile; fileRef = B957F5232A61401C00EB44DD /* AppDelegate.swift */; };
		B957F5262A61401C00EB44DD /* SceneDelegate.swift in Sources */ = {isa = PBXBuildFile; fileRef = B957F5252A61401C00EB44DD /* SceneDelegate.swift */; };
		B957F5282A61401C00EB44DD /* ViewController.swift in Sources */ = {isa = PBXBuildFile; fileRef = B957F5272A61401C00EB44DD /* ViewController.swift */; };
		B957F52B2A61401C00EB44DD /* Main.storyboard in Resources */ = {isa = PBXBuildFile; fileRef = B957F5292A61401C00EB44DD /* Main.storyboard */; };
		B957F52D2A61401E00EB44DD /* Assets.xcassets in Resources */ = {isa = PBXBuildFile; fileRef = B957F52C2A61401E00EB44DD /* Assets.xcassets */; };
		B957F5302A61401E00EB44DD /* LaunchScreen.storyboard in Resources */ = {isa = PBXBuildFile; fileRef = B957F52E2A61401E00EB44DD /* LaunchScreen.storyboard */; };
		B957F53B2A61401E00EB44DD /* TESTTests.swift in Sources */ = {isa = PBXBuildFile; fileRef = B957F53A2A61401E00EB44DD /* TESTTests.swift */; };
		B957F5452A61401E00EB44DD /* TESTUITests.swift in Sources */ = {isa = PBXBuildFile; fileRef = B957F5442A61401E00EB44DD /* TESTUITests.swift */; };
		B957F5472A61401E00EB44DD /* TESTUITestsLaunchTests.swift in Sources */ = {isa = PBXBuildFile; fileRef = B957F5462A61401E00EB44DD /* TESTUITestsLaunchTests.swift */; };
/* End PBXBuildFile section */

/* Begin PBXContainerItemProxy section */
		B957F5372A61401E00EB44DD /* PBXContainerItemProxy */ = {
			isa = PBXContainerItemProxy;
			containerPortal = B957F5182A61401C00EB44DD /* Project object */;
			proxyType = 1;
			remoteGlobalIDString = B957F51F2A61401C00EB44DD;
			remoteInfo = TEST;
		};
		B957F5412A61401E00EB44DD /* PBXContainerItemProxy */ = {
			isa = PBXContainerItemProxy;
			containerPortal = B957F5182A61401C00EB44DD /* Project object */;
			proxyType = 1;
			remoteGlobalIDString = B957F51F2A61401C00EB44DD;
			remoteInfo = TEST;
		};
/* End PBXContainerItemProxy section */

/* Begin PBXFileReference section */
		B957F5202A61401C00EB44DD /* TEST.app */ = {isa = PBXFileReference; explicitFileType = wrapper.application; includeInIndex = 0; path = TEST.app; sourceTree = BUILT_PRODUCTS_DIR; };
		B957F5232A61401C00EB44DD /* AppDelegate.swift */ = {isa = PBXFileReference; lastKnownFileType = sourcecode.swift; path = AppDelegate.swift; sourceTree = "<group>"; };
		B957F5252A61401C00EB44DD /* SceneDelegate.swift */ = {isa = PBXFileReference; lastKnownFileType = sourcecode.swift; path = SceneDelegate.swift; sourceTree = "<group>"; };
		B957F5272A61401C00EB44DD /* ViewController.swift */ = {isa = PBXFileReference; lastKnownFileType = sourcecode.swift; path = ViewController.swift; sourceTree = "<group>"; };
		B957F52A2A61401C00EB44DD /* Base */ = {isa = PBXFileReference; lastKnownFileType = file.storyboard; name = Base; path = Base.lproj/Main.storyboard; sourceTree = "<group>"; };
		B957F52C2A61401E00EB44DD /* Assets.xcassets */ = {isa = PBXFileReference; lastKnownFileType = folder.assetcatalog; path = Assets.xcassets; sourceTree = "<group>"; };
		B957F52F2A61401E00EB44DD /* Base */ = {isa = PBXFileReference; lastKnownFileType = file.storyboard; name = Base; path = Base.lproj/LaunchScreen.storyboard; sourceTree = "<group>"; };
		B957F5312A61401E00EB44DD /* Info.plist */ = {isa = PBXFileReference; lastKnownFileType = text.plist.xml; path = Info.plist; sourceTree = "<group>"; };
		B957F5362A61401E00EB44DD /* TESTTests.xctest */ = {isa = PBXFileReference; explicitFileType = wrapper.cfbundle; includeInIndex = 0; path = TESTTests.xctest; sourceTree = BUILT_PRODUCTS_DIR; };
		B957F53A2A61401E00EB44DD /* TESTTests.swift */ = {isa = PBXFileReference; lastKnownFileType = sourcecode.swift; path = TESTTests.swift; sourceTree = "<group>"; };
		B957F5402A61401E00EB44DD /* TESTUITests.xctest */ = {isa = PBXFileReference; explicitFileType = wrapper.cfbundle; includeInIndex = 0; path = TESTUITests.xctest; sourceTree = BUILT_PRODUCTS_DIR; };
		B957F5442A61401E00EB44DD /* TESTUITests.swift */ = {isa = PBXFileReference; lastKnownFileType = sourcecode.swift; path = TESTUITests.swift; sourceTree = "<group>"; };
		B957F5462A61401E00EB44DD /* TESTUITestsLaunchTests.swift */ = {isa = PBXFileReference; lastKnownFileType = sourcecode.swift; path = TESTUITestsLaunchTests.swift; sourceTree = "<group>"; };
/* End PBXFileReference section */

/* Begin PBXFrameworksBuildPhase section */
		B957F51D2A61401C00EB44DD /* Frameworks */ = {
			isa = PBXFrameworksBuildPhase;
			buildActionMask = 2147483647;
			files = (
			);
			runOnlyForDeploymentPostprocessing = 0;
		};
		B957F5332A61401E00EB44DD /* Frameworks */ = {
			isa = PBXFrameworksBuildPhase;
			buildActionMask = 2147483647;
			files = (
			);
			runOnlyForDeploymentPostprocessing = 0;
		};
		B957F53D2A61401E00EB44DD /* Frameworks */ = {
			isa = PBXFrameworksBuildPhase;
			buildActionMask = 2147483647;
			files = (
			);
			runOnlyForDeploymentPostprocessing = 0;
		};
/* End PBXFrameworksBuildPhase section */

/* Begin PBXGroup section */
		B957F5172A61401C00EB44DD = {
			isa = PBXGroup;
			children = (
				B957F5222A61401C00EB44DD /* TEST */,
				B957F5392A61401E00EB44DD /* TESTTests */,
				B957F5432A61401E00EB44DD /* TESTUITests */,
				B957F5212A61401C00EB44DD /* Products */,
			);
			sourceTree = "<group>";
		};
		B957F5212A61401C00EB44DD /* Products */ = {
			isa = PBXGroup;
			children = (
				B957F5202A61401C00EB44DD /* TEST.app */,
				B957F5362A61401E00EB44DD /* TESTTests.xctest */,
				B957F5402A61401E00EB44DD /* TESTUITests.xctest */,
			);
			name = Products;
			sourceTree = "<group>";
		};
		B957F5222A61401C00EB44DD /* TEST */ = {
			isa = PBXGroup;
			children = (
				B957F5232A61401C00EB44DD /* AppDelegate.swift */,
				B957F5252A61401C00EB44DD /* SceneDelegate.swift */,
				B957F5272A61401C00EB44DD /* ViewController.swift */,
				B957F5292A61401C00EB44DD /* Main.storyboard */,
				B957F52C2A61401E00EB44DD /* Assets.xcassets */,
				B957F52E2A61401E00EB44DD /* LaunchScreen.storyboard */,
				B957F5312A61401E00EB44DD /* Info.plist */,
			);
			path = TEST;
			sourceTree = "<group>";
		};
		B957F5392A61401E00EB44DD /* TESTTests */ = {
			isa = PBXGroup;
			children = (
				B957F53A2A61401E00EB44DD /* TESTTests.swift */,
			);
			path = TESTTests;
			sourceTree = "<group>";
		};
		B957F5432A61401E00EB44DD /* TESTUITests */ = {
			isa = PBXGroup;
			children = (
				B957F5442A61401E00EB44DD /* TESTUITests.swift */,
				B957F5462A61401E00EB44DD /* TESTUITestsLaunchTests.swift */,
			);
			path = TESTUITests;
			sourceTree = "<group>";
		};
/* End PBXGroup section */

/* Begin PBXNativeTarget section */
		B957F51F2A61401C00EB44DD /* TEST */ = {
			isa = PBXNativeTarget;
			buildConfigurationList = B957F54A2A61401E00EB44DD /* Build configuration list for PBXNativeTarget "TEST" */;
			buildPhases = (
				B957F51C2A61401C00EB44DD /* Sources */,
				B957F51D2A61401C00EB44DD /* Frameworks */,
				B957F51E2A61401C00EB44DD /* Resources */,
			);
			buildRules = (
			);
			dependencies = (
			);
			name = TEST;
			productName = TEST;
			productReference = B957F5202A61401C00EB44DD /* TEST.app */;
			productType = "com.apple.product-type.application";
		};
		B957F5352A61401E00EB44DD /* TESTTests */ = {
			isa = PBXNativeTarget;
			buildConfigurationList = B957F54D2A61401E00EB44DD /* Build configuration list for PBXNativeTarget "TESTTests" */;
			buildPhases = (
				B957F5322A61401E00EB44DD /* Sources */,
				B957F5332A61401E00EB44DD /* Frameworks */,
				B957F5342A61401E00EB44DD /* Resources */,
			);
			buildRules = (
			);
			dependencies = (
				B957F5382A61401E00EB44DD /* PBXTargetDependency */,
			);
			name = TESTTests;
			productName = TESTTests;
			productReference = B957F5362A61401E00EB44DD /* TESTTests.xctest */;
			productType = "com.apple.product-type.bundle.unit-test";
		};
		B957F53F2A61401E00EB44DD /* TESTUITests */ = {
			isa = PBXNativeTarget;
			buildConfigurationList = B957F5502A61401E00EB44DD /* Build configuration list for PBXNativeTarget "TESTUITests" */;
			buildPhases = (
				B957F53C2A61401E00EB44DD /* Sources */,
				B957F53D2A61401E00EB44DD /* Frameworks */,
				B957F53E2A61401E00EB44DD /* Resources */,
			);
			buildRules = (
			);
			dependencies = (
				B957F5422A61401E00EB44DD /* PBXTargetDependency */,
			);
			name = TESTUITests;
			productName = TESTUITests;
			productReference = B957F5402A61401E00EB44DD /* TESTUITests.xctest */;
			productType = "com.apple.product-type.bundle.ui-testing";
		};
/* End PBXNativeTarget section */

/* Begin PBXProject section */
		B957F5182A61401C00EB44DD /* Project object */ = {
			isa = PBXProject;
			attributes = {
				BuildIndependentTargetsInParallel = 1;
				LastSwiftUpdateCheck = 1430;
				LastUpgradeCheck = 1430;
				TargetAttributes = {
					B957F51F2A61401C00EB44DD = {
						CreatedOnToolsVersion = 14.3;
					};
					B957F5352A61401E00EB44DD = {
						CreatedOnToolsVersion = 14.3;
						TestTargetID = B957F51F2A61401C00EB44DD;
					};
					B957F53F2A61401E00EB44DD = {
						CreatedOnToolsVersion = 14.3;
						TestTargetID = B957F51F2A61401C00EB44DD;
					};
				};
			};
			buildConfigurationList = B957F51B2A61401C00EB44DD /* Build configuration list for PBXProject "TEST" */;
			compatibilityVersion = "Xcode 14.0";
			developmentRegion = en;
			hasScannedForEncodings = 0;
			knownRegions = (
				en,
				Base,
			);
			mainGroup = B957F5172A61401C00EB44DD;
			productRefGroup = B957F5212A61401C00EB44DD /* Products */;
			projectDirPath = "";
			projectRoot = "";
			targets = (
				B957F51F2A61401C00EB44DD /* TEST */,
				B957F5352A61401E00EB44DD /* TESTTests */,
				B957F53F2A61401E00EB44DD /* TESTUITests */,
			);
		};
/* End PBXProject section */

/* Begin PBXResourcesBuildPhase section */
		B957F51E2A61401C00EB44DD /* Resources */ = {
			isa = PBXResourcesBuildPhase;
			buildActionMask = 2147483647;
			files = (
				B957F5302A61401E00EB44DD /* LaunchScreen.storyboard in Resources */,
				B957F52D2A61401E00EB44DD /* Assets.xcassets in Resources */,
				B957F52B2A61401C00EB44DD /* Main.storyboard in Resources */,
			);
			runOnlyForDeploymentPostprocessing = 0;
		};
		B957F5342A61401E00EB44DD /* Resources */ = {
			isa = PBXResourcesBuildPhase;
			buildActionMask = 2147483647;
			files = (
			);
			runOnlyForDeploymentPostprocessing = 0;
		};
		B957F53E2A61401E00EB44DD /* Resources */ = {
			isa = PBXResourcesBuildPhase;
			buildActionMask = 2147483647;
			files = (
			);
			runOnlyForDeploymentPostprocessing = 0;
		};
/* End PBXResourcesBuildPhase section */

/* Begin PBXSourcesBuildPhase section */
		B957F51C2A61401C00EB44DD /* Sources */ = {
			isa = PBXSourcesBuildPhase;
			buildActionMask = 2147483647;
			files = (
				B957F5282A61401C00EB44DD /* ViewController.swift in Sources */,
				B957F5242A61401C00EB44DD /* AppDelegate.swift in Sources */,
				B957F5262A61401C00EB44DD /* SceneDelegate.swift in Sources */,
			);
			runOnlyForDeploymentPostprocessing = 0;
		};
		B957F5322A61401E00EB44DD /* Sources */ = {
			isa = PBXSourcesBuildPhase;
			buildActionMask = 2147483647;
			files = (
				B957F53B2A61401E00EB44DD /* TESTTests.swift in Sources */,
			);
			runOnlyForDeploymentPostprocessing = 0;
		};
		B957F53C2A61401E00EB44DD /* Sources */ = {
			isa = PBXSourcesBuildPhase;
			buildActionMask = 2147483647;
			files = (
				B957F5472A61401E00EB44DD /* TESTUITestsLaunchTests.swift in Sources */,
				B957F5452A61401E00EB44DD /* TESTUITests.swift in Sources */,
			);
			runOnlyForDeploymentPostprocessing = 0;
		};
/* End PBXSourcesBuildPhase section */

/* Begin PBXTargetDependency section */
		B957F5382A61401E00EB44DD /* PBXTargetDependency */ = {
			isa = PBXTargetDependency;
			target = B957F51F2A61401C00EB44DD /* TEST */;
			targetProxy = B957F5372A61401E00EB44DD /* PBXContainerItemProxy */;
		};
		B957F5422A61401E00EB44DD /* PBXTargetDependency */ = {
			isa = PBXTargetDependency;
			target = B957F51F2A61401C00EB44DD /* TEST */;
			targetProxy = B957F5412A61401E00EB44DD /* PBXContainerItemProxy */;
		};
/* End PBXTargetDependency section */

/* Begin PBXVariantGroup section */
		B957F5292A61401C00EB44DD /* Main.storyboard */ = {
			isa = PBXVariantGroup;
			children = (
				B957F52A2A61401C00EB44DD /* Base */,
			);
			name = Main.storyboard;
			sourceTree = "<group>";
		};
		B957F52E2A61401E00EB44DD /* LaunchScreen.storyboard */ = {
			isa = PBXVariantGroup;
			children = (
				B957F52F2A61401E00EB44DD /* Base */,
			);
			name = LaunchScreen.storyboard;
			sourceTree = "<group>";
		};
/* End PBXVariantGroup section */

/* Begin XCBuildConfiguration section */
		B957F5482A61401E00EB44DD /* Debug */ = {
			isa = XCBuildConfiguration;
			buildSettings = {
				ALWAYS_SEARCH_USER_PATHS = NO;
				CLANG_ANALYZER_NONNULL = YES;
				CLANG_ANALYZER_NUMBER_OBJECT_CONVERSION = YES_AGGRESSIVE;
				CLANG_CXX_LANGUAGE_STANDARD = "gnu++20";
				CLANG_ENABLE_MODULES = YES;
				CLANG_ENABLE_OBJC_ARC = YES;
				CLANG_ENABLE_OBJC_WEAK = YES;
				CLANG_WARN_BLOCK_CAPTURE_AUTORELEASING = YES;
				CLANG_WARN_BOOL_CONVERSION = YES;
				CLANG_WARN_COMMA = YES;
				CLANG_WARN_CONSTANT_CONVERSION = YES;
				CLANG_WARN_DEPRECATED_OBJC_IMPLEMENTATIONS = YES;
				CLANG_WARN_DIRECT_OBJC_ISA_USAGE = YES_ERROR;
				CLANG_WARN_DOCUMENTATION_COMMENTS = YES;
				CLANG_WARN_EMPTY_BODY = YES;
				CLANG_WARN_ENUM_CONVERSION = YES;
				CLANG_WARN_INFINITE_RECURSION = YES;
				CLANG_WARN_INT_CONVERSION = YES;
				CLANG_WARN_NON_LITERAL_NULL_CONVERSION = YES;
				CLANG_WARN_OBJC_IMPLICIT_RETAIN_SELF = YES;
				CLANG_WARN_OBJC_LITERAL_CONVERSION = YES;
				CLANG_WARN_OBJC_ROOT_CLASS = YES_ERROR;
				CLANG_WARN_QUOTED_INCLUDE_IN_FRAMEWORK_HEADER = YES;
				CLANG_WARN_RANGE_LOOP_ANALYSIS = YES;
				CLANG_WARN_STRICT_PROTOTYPES = YES;
				CLANG_WARN_SUSPICIOUS_MOVE = YES;
				CLANG_WARN_UNGUARDED_AVAILABILITY = YES_AGGRESSIVE;
				CLANG_WARN_UNREACHABLE_CODE = YES;
				CLANG_WARN__DUPLICATE_METHOD_MATCH = YES;
				COPY_PHASE_STRIP = NO;
				DEBUG_INFORMATION_FORMAT = dwarf;
				ENABLE_STRICT_OBJC_MSGSEND = YES;
				ENABLE_TESTABILITY = YES;
				GCC_C_LANGUAGE_STANDARD = gnu11;
				GCC_DYNAMIC_NO_PIC = NO;
				GCC_NO_COMMON_BLOCKS = YES;
				GCC_OPTIMIZATION_LEVEL = 0;
				GCC_PREPROCESSOR_DEFINITIONS = (
					"DEBUG=1",
					"$(inherited)",
				);
				GCC_WARN_64_TO_32_BIT_CONVERSION = YES;
				GCC_WARN_ABOUT_RETURN_TYPE = YES_ERROR;
				GCC_WARN_UNDECLARED_SELECTOR = YES;
				GCC_WARN_UNINITIALIZED_AUTOS = YES_AGGRESSIVE;
				GCC_WARN_UNUSED_FUNCTION = YES;
				GCC_WARN_UNUSED_VARIABLE = YES;
				IPHONEOS_DEPLOYMENT_TARGET = 16.4;
				MTL_ENABLE_DEBUG_INFO = INCLUDE_SOURCE;
				MTL_FAST_MATH = YES;
				ONLY_ACTIVE_ARCH = YES;
				SDKROOT = iphoneos;
				SWIFT_ACTIVE_COMPILATION_CONDITIONS = DEBUG;
				SWIFT_OPTIMIZATION_LEVEL = "-Onone";
			};
			name = Debug;
		};
		B957F5492A61401E00EB44DD /* Release */ = {
			isa = XCBuildConfiguration;
			buildSettings = {
				ALWAYS_SEARCH_USER_PATHS = NO;
				CLANG_ANALYZER_NONNULL = YES;
				CLANG_ANALYZER_NUMBER_OBJECT_CONVERSION = YES_AGGRESSIVE;
				CLANG_CXX_LANGUAGE_STANDARD = "gnu++20";
				CLANG_ENABLE_MODULES = YES;
				CLANG_ENABLE_OBJC_ARC = YES;
				CLANG_ENABLE_OBJC_WEAK = YES;
				CLANG_WARN_BLOCK_CAPTURE_AUTORELEASING = YES;
				CLANG_WARN_BOOL_CONVERSION = YES;
				CLANG_WARN_COMMA = YES;
				CLANG_WARN_CONSTANT_CONVERSION = YES;
				CLANG_WARN_DEPRECATED_OBJC_IMPLEMENTATIONS = YES;
				CLANG_WARN_DIRECT_OBJC_ISA_USAGE = YES_ERROR;
				CLANG_WARN_DOCUMENTATION_COMMENTS = YES;
				CLANG_WARN_EMPTY_BODY = YES;
				CLANG_WARN_ENUM_CONVERSION = YES;
				CLANG_WARN_INFINITE_RECURSION = YES;
				CLANG_WARN_INT_CONVERSION = YES;
				CLANG_WARN_NON_LITERAL_NULL_CONVERSION = YES;
				CLANG_WARN_OBJC_IMPLICIT_RETAIN_SELF = YES;
				CLANG_WARN_OBJC_LITERAL_CONVERSION = YES;
				CLANG_WARN_OBJC_ROOT_CLASS = YES_ERROR;
				CLANG_WARN_QUOTED_INCLUDE_IN_FRAMEWORK_HEADER = YES;
				CLANG_WARN_RANGE_LOOP_ANALYSIS = YES;
				CLANG_WARN_STRICT_PROTOTYPES = YES;
				CLANG_WARN_SUSPICIOUS_MOVE = YES;
				CLANG_WARN_UNGUARDED_AVAILABILITY = YES_AGGRESSIVE;
				CLANG_WARN_UNREACHABLE_CODE = YES;
				CLANG_WARN__DUPLICATE_METHOD_MATCH = YES;
				COPY_PHASE_STRIP = NO;
				DEBUG_INFORMATION_FORMAT = "dwarf-with-dsym";
				ENABLE_NS_ASSERTIONS = NO;
				ENABLE_STRICT_OBJC_MSGSEND = YES;
				GCC_C_LANGUAGE_STANDARD = gnu11;
				GCC_NO_COMMON_BLOCKS = YES;
				GCC_WARN_64_TO_32_BIT_CONVERSION = YES;
				GCC_WARN_ABOUT_RETURN_TYPE = YES_ERROR;
				GCC_WARN_UNDECLARED_SELECTOR = YES;
				GCC_WARN_UNINITIALIZED_AUTOS = YES_AGGRESSIVE;
				GCC_WARN_UNUSED_FUNCTION = YES;
				GCC_WARN_UNUSED_VARIABLE = YES;
				IPHONEOS_DEPLOYMENT_TARGET = 16.4;
				MTL_ENABLE_DEBUG_INFO = NO;
				MTL_FAST_MATH = YES;
				SDKROOT = iphoneos;
				SWIFT_COMPILATION_MODE = wholemodule;
				SWIFT_OPTIMIZATION_LEVEL = "-O";
				VALIDATE_PRODUCT = YES;
			};
			name = Release;
		};
		B957F54B2A61401E00EB44DD /* Debug */ = {
			isa = XCBuildConfiguration;
			buildSettings = {
				ASSETCATALOG_COMPILER_APPICON_NAME = AppIcon;
				ASSETCATALOG_COMPILER_GLOBAL_ACCENT_COLOR_NAME = AccentColor;
				CODE_SIGN_STYLE = Automatic;
				CURRENT_PROJECT_VERSION = 1;
				DEVELOPMENT_TEAM = KRPJJNJAQG;
				GENERATE_INFOPLIST_FILE = YES;
				INFOPLIST_FILE = TEST/Info.plist;
				INFOPLIST_KEY_UIApplicationSupportsIndirectInputEvents = YES;
				INFOPLIST_KEY_UILaunchStoryboardName = LaunchScreen;
				INFOPLIST_KEY_UIMainStoryboardFile = Main;
				INFOPLIST_KEY_UISupportedInterfaceOrientations_iPad = "UIInterfaceOrientationPortrait UIInterfaceOrientationPortraitUpsideDown UIInterfaceOrientationLandscapeLeft UIInterfaceOrientationLandscapeRight";
				INFOPLIST_KEY_UISupportedInterfaceOrientations_iPhone = "UIInterfaceOrientationPortrait UIInterfaceOrientationLandscapeLeft UIInterfaceOrientationLandscapeRight";
				IPHONEOS_DEPLOYMENT_TARGET = 13.0;
				LD_RUNPATH_SEARCH_PATHS = (
					"$(inherited)",
					"@executable_path/Frameworks",
				);
				MARKETING_VERSION = 1.0;
				PRODUCT_BUNDLE_IDENTIFIER = AppDevBootcamp.TEST;
				PRODUCT_NAME = "$(TARGET_NAME)";
				SWIFT_EMIT_LOC_STRINGS = YES;
				SWIFT_VERSION = 5.0;
				TARGETED_DEVICE_FAMILY = "1,2";
			};
			name = Debug;
		};
		B957F54C2A61401E00EB44DD /* Release */ = {
			isa = XCBuildConfiguration;
			buildSettings = {
				ASSETCATALOG_COMPILER_APPICON_NAME = AppIcon;
				ASSETCATALOG_COMPILER_GLOBAL_ACCENT_COLOR_NAME = AccentColor;
				CODE_SIGN_STYLE = Automatic;
				CURRENT_PROJECT_VERSION = 1;
				DEVELOPMENT_TEAM = KRPJJNJAQG;
				GENERATE_INFOPLIST_FILE = YES;
				INFOPLIST_FILE = TEST/Info.plist;
				INFOPLIST_KEY_UIApplicationSupportsIndirectInputEvents = YES;
				INFOPLIST_KEY_UILaunchStoryboardName = LaunchScreen;
				INFOPLIST_KEY_UIMainStoryboardFile = Main;
				INFOPLIST_KEY_UISupportedInterfaceOrientations_iPad = "UIInterfaceOrientationPortrait UIInterfaceOrientationPortraitUpsideDown UIInterfaceOrientationLandscapeLeft UIInterfaceOrientationLandscapeRight";
				INFOPLIST_KEY_UISupportedInterfaceOrientations_iPhone = "UIInterfaceOrientationPortrait UIInterfaceOrientationLandscapeLeft UIInterfaceOrientationLandscapeRight";
				IPHONEOS_DEPLOYMENT_TARGET = 13.0;
				LD_RUNPATH_SEARCH_PATHS = (
					"$(inherited)",
					"@executable_path/Frameworks",
				);
				MARKETING_VERSION = 1.0;
				PRODUCT_BUNDLE_IDENTIFIER = AppDevBootcamp.TEST;
				PRODUCT_NAME = "$(TARGET_NAME)";
				SWIFT_EMIT_LOC_STRINGS = YES;
				SWIFT_VERSION = 5.0;
				TARGETED_DEVICE_FAMILY = "1,2";
			};
			name = Release;
		};
		B957F54E2A61401E00EB44DD /* Debug */ = {
			isa = XCBuildConfiguration;
			buildSettings = {
				ALWAYS_EMBED_SWIFT_STANDARD_LIBRARIES = YES;
				BUNDLE_LOADER = "$(TEST_HOST)";
				CODE_SIGN_STYLE = Automatic;
				CURRENT_PROJECT_VERSION = 1;
				DEVELOPMENT_TEAM = KRPJJNJAQG;
				GENERATE_INFOPLIST_FILE = YES;
				IPHONEOS_DEPLOYMENT_TARGET = 16.4;
				MARKETING_VERSION = 1.0;
				PRODUCT_BUNDLE_IDENTIFIER = AppDevBootcamp.TESTTests;
				PRODUCT_NAME = "$(TARGET_NAME)";
				SWIFT_EMIT_LOC_STRINGS = NO;
				SWIFT_VERSION = 5.0;
				TARGETED_DEVICE_FAMILY = "1,2";
				TEST_HOST = "$(BUILT_PRODUCTS_DIR)/TEST.app/$(BUNDLE_EXECUTABLE_FOLDER_PATH)/TEST";
			};
			name = Debug;
		};
		B957F54F2A61401E00EB44DD /* Release */ = {
			isa = XCBuildConfiguration;
			buildSettings = {
				ALWAYS_EMBED_SWIFT_STANDARD_LIBRARIES = YES;
				BUNDLE_LOADER = "$(TEST_HOST)";
				CODE_SIGN_STYLE = Automatic;
				CURRENT_PROJECT_VERSION = 1;
				DEVELOPMENT_TEAM = KRPJJNJAQG;
				GENERATE_INFOPLIST_FILE = YES;
				IPHONEOS_DEPLOYMENT_TARGET = 16.4;
				MARKETING_VERSION = 1.0;
				PRODUCT_BUNDLE_IDENTIFIER = AppDevBootcamp.TESTTests;
				PRODUCT_NAME = "$(TARGET_NAME)";
				SWIFT_EMIT_LOC_STRINGS = NO;
				SWIFT_VERSION = 5.0;
				TARGETED_DEVICE_FAMILY = "1,2";
				TEST_HOST = "$(BUILT_PRODUCTS_DIR)/TEST.app/$(BUNDLE_EXECUTABLE_FOLDER_PATH)/TEST";
			};
			name = Release;
		};
		B957F5512A61401E00EB44DD /* Debug */ = {
			isa = XCBuildConfiguration;
			buildSettings = {
				ALWAYS_EMBED_SWIFT_STANDARD_LIBRARIES = YES;
				CODE_SIGN_STYLE = Automatic;
				CURRENT_PROJECT_VERSION = 1;
				DEVELOPMENT_TEAM = KRPJJNJAQG;
				GENERATE_INFOPLIST_FILE = YES;
				MARKETING_VERSION = 1.0;
				PRODUCT_BUNDLE_IDENTIFIER = AppDevBootcamp.TESTUITests;
				PRODUCT_NAME = "$(TARGET_NAME)";
				SWIFT_EMIT_LOC_STRINGS = NO;
				SWIFT_VERSION = 5.0;
				TARGETED_DEVICE_FAMILY = "1,2";
				TEST_TARGET_NAME = TEST;
			};
			name = Debug;
		};
		B957F5522A61401E00EB44DD /* Release */ = {
			isa = XCBuildConfiguration;
			buildSettings = {
				ALWAYS_EMBED_SWIFT_STANDARD_LIBRARIES = YES;
				CODE_SIGN_STYLE = Automatic;
				CURRENT_PROJECT_VERSION = 1;
				DEVELOPMENT_TEAM = KRPJJNJAQG;
				GENERATE_INFOPLIST_FILE = YES;
				MARKETING_VERSION = 1.0;
				PRODUCT_BUNDLE_IDENTIFIER = AppDevBootcamp.TESTUITests;
				PRODUCT_NAME = "$(TARGET_NAME)";
				SWIFT_EMIT_LOC_STRINGS = NO;
				SWIFT_VERSION = 5.0;
				TARGETED_DEVICE_FAMILY = "1,2";
				TEST_TARGET_NAME = TEST;
			};
			name = Release;
		};
/* End XCBuildConfiguration section */

/* Begin XCConfigurationList section */
		B957F51B2A61401C00EB44DD /* Build configuration list for PBXProject "TEST" */ = {
			isa = XCConfigurationList;
			buildConfigurations = (
				B957F5482A61401E00EB44DD /* Debug */,
				B957F5492A61401E00EB44DD /* Release */,
			);
			defaultConfigurationIsVisible = 0;
			defaultConfigurationName = Release;
		};
		B957F54A2A61401E00EB44DD /* Build configuration list for PBXNativeTarget "TEST" */ = {
			isa = XCConfigurationList;
			buildConfigurations = (
				B957F54B2A61401E00EB44DD /* Debug */,
				B957F54C2A61401E00EB44DD /* Release */,
			);
			defaultConfigurationIsVisible = 0;
			defaultConfigurationName = Release;
		};
		B957F54D2A61401E00EB44DD /* Build configuration list for PBXNativeTarget "TESTTests" */ = {
			isa = XCConfigurationList;
			buildConfigurations = (
				B957F54E2A61401E00EB44DD /* Debug */,
				B957F54F2A61401E00EB44DD /* Release */,
			);
			defaultConfigurationIsVisible = 0;
			defaultConfigurationName = Release;
		};
		B957F5502A61401E00EB44DD /* Build configuration list for PBXNativeTarget "TESTUITests" */ = {
			isa = XCConfigurationList;
			buildConfigurations = (
				B957F5512A61401E00EB44DD /* Debug */,
				B957F5522A61401E00EB44DD /* Release */,
			);
			defaultConfigurationIsVisible = 0;
			defaultConfigurationName = Release;
		};
/* End XCConfigurationList section */
	};
	rootObject = B957F5182A61401C00EB44DD /* Project object */;
}
