// !$*UTF8*$!
{
	archiveVersion = 1;
	classes = {
	};
	objectVersion = 56;
	objects = {

/* Begin PBXBuildFile section */
		B957F8112A70FCC000EB44DD /* Little_Lemon_dinner_menuApp.swift in Sources */ = {isa = PBXBuildFile; fileRef = B957F8102A70FCC000EB44DD /* Little_Lemon_dinner_menuApp.swift */; };
		B957F8132A70FCC000EB44DD /* ContentView.swift in Sources */ = {isa = PBXBuildFile; fileRef = B957F8122A70FCC000EB44DD /* ContentView.swift */; };
		B957F8152A70FCC100EB44DD /* Assets.xcassets in Resources */ = {isa = PBXBuildFile; fileRef = B957F8142A70FCC100EB44DD /* Assets.xcassets */; };
		B957F8182A70FCC100EB44DD /* Preview Assets.xcassets in Resources */ = {isa = PBXBuildFile; fileRef = B957F8172A70FCC100EB44DD /* Preview Assets.xcassets */; };
		B957F8222A70FCC100EB44DD /* Little_Lemon_dinner_menuTests.swift in Sources */ = {isa = PBXBuildFile; fileRef = B957F8212A70FCC100EB44DD /* Little_Lemon_dinner_menuTests.swift */; };
		B957F83B2A70FD8300EB44DD /* MenuItemView.swift in Sources */ = {isa = PBXBuildFile; fileRef = B957F83A2A70FD8300EB44DD /* MenuItemView.swift */; };
		B957F83D2A70FD9300EB44DD /* MenuItemsOptionView.swift in Sources */ = {isa = PBXBuildFile; fileRef = B957F83C2A70FD9300EB44DD /* MenuItemsOptionView.swift */; };
		B957F83F2A70FDA200EB44DD /* MenuItemDetailsView.swift in Sources */ = {isa = PBXBuildFile; fileRef = B957F83E2A70FDA200EB44DD /* MenuItemDetailsView.swift */; };
		B957F8412A71135D00EB44DD /* SelectedFilters.swift in Sources */ = {isa = PBXBuildFile; fileRef = B957F8402A71135D00EB44DD /* SelectedFilters.swift */; };
		B957F8492A7171A600EB44DD /* MenuViewViewModel.swift in Sources */ = {isa = PBXBuildFile; fileRef = B957F8482A7171A600EB44DD /* MenuViewViewModel.swift */; };
		B957F84B2A7173CE00EB44DD /* MenuItem.swift in Sources */ = {isa = PBXBuildFile; fileRef = B957F84A2A7173CE00EB44DD /* MenuItem.swift */; };
		B957F84D2A71792D00EB44DD /* MenuItemCardView.swift in Sources */ = {isa = PBXBuildFile; fileRef = B957F84C2A71792D00EB44DD /* MenuItemCardView.swift */; };
/* End PBXBuildFile section */

/* Begin PBXContainerItemProxy section */
		B957F81E2A70FCC100EB44DD /* PBXContainerItemProxy */ = {
			isa = PBXContainerItemProxy;
			containerPortal = B957F8052A70FCC000EB44DD /* Project object */;
			proxyType = 1;
			remoteGlobalIDString = B957F80C2A70FCC000EB44DD;
			remoteInfo = "Little Lemon dinner menu";
		};
		B957F8282A70FCC200EB44DD /* PBXContainerItemProxy */ = {
			isa = PBXContainerItemProxy;
			containerPortal = B957F8052A70FCC000EB44DD /* Project object */;
			proxyType = 1;
			remoteGlobalIDString = B957F80C2A70FCC000EB44DD;
			remoteInfo = "Little Lemon dinner menu";
		};
/* End PBXContainerItemProxy section */

/* Begin PBXFileReference section */
		B957F80D2A70FCC000EB44DD /* Little Lemon dinner menu.app */ = {isa = PBXFileReference; explicitFileType = wrapper.application; includeInIndex = 0; path = "Little Lemon dinner menu.app"; sourceTree = BUILT_PRODUCTS_DIR; };
		B957F8102A70FCC000EB44DD /* Little_Lemon_dinner_menuApp.swift */ = {isa = PBXFileReference; lastKnownFileType = sourcecode.swift; path = Little_Lemon_dinner_menuApp.swift; sourceTree = "<group>"; };
		B957F8122A70FCC000EB44DD /* ContentView.swift */ = {isa = PBXFileReference; lastKnownFileType = sourcecode.swift; path = ContentView.swift; sourceTree = "<group>"; };
		B957F8142A70FCC100EB44DD /* Assets.xcassets */ = {isa = PBXFileReference; lastKnownFileType = folder.assetcatalog; path = Assets.xcassets; sourceTree = "<group>"; };
		B957F8172A70FCC100EB44DD /* Preview Assets.xcassets */ = {isa = PBXFileReference; lastKnownFileType = folder.assetcatalog; path = "Preview Assets.xcassets"; sourceTree = "<group>"; };
		B957F81D2A70FCC100EB44DD /* Little Lemon dinner menuTests.xctest */ = {isa = PBXFileReference; explicitFileType = wrapper.cfbundle; includeInIndex = 0; path = "Little Lemon dinner menuTests.xctest"; sourceTree = BUILT_PRODUCTS_DIR; };
		B957F8212A70FCC100EB44DD /* Little_Lemon_dinner_menuTests.swift */ = {isa = PBXFileReference; lastKnownFileType = sourcecode.swift; path = Little_Lemon_dinner_menuTests.swift; sourceTree = "<group>"; };
		B957F8272A70FCC200EB44DD /* Little Lemon dinner menuUITests.xctest */ = {isa = PBXFileReference; explicitFileType = wrapper.cfbundle; includeInIndex = 0; path = "Little Lemon dinner menuUITests.xctest"; sourceTree = BUILT_PRODUCTS_DIR; };
		B957F83A2A70FD8300EB44DD /* MenuItemView.swift */ = {isa = PBXFileReference; lastKnownFileType = sourcecode.swift; path = MenuItemView.swift; sourceTree = "<group>"; };
		B957F83C2A70FD9300EB44DD /* MenuItemsOptionView.swift */ = {isa = PBXFileReference; lastKnownFileType = sourcecode.swift; path = MenuItemsOptionView.swift; sourceTree = "<group>"; };
		B957F83E2A70FDA200EB44DD /* MenuItemDetailsView.swift */ = {isa = PBXFileReference; lastKnownFileType = sourcecode.swift; path = MenuItemDetailsView.swift; sourceTree = "<group>"; };
		B957F8402A71135D00EB44DD /* SelectedFilters.swift */ = {isa = PBXFileReference; lastKnownFileType = sourcecode.swift; path = SelectedFilters.swift; sourceTree = "<group>"; };
		B957F8482A7171A600EB44DD /* MenuViewViewModel.swift */ = {isa = PBXFileReference; lastKnownFileType = sourcecode.swift; path = MenuViewViewModel.swift; sourceTree = "<group>"; };
		B957F84A2A7173CE00EB44DD /* MenuItem.swift */ = {isa = PBXFileReference; lastKnownFileType = sourcecode.swift; path = MenuItem.swift; sourceTree = "<group>"; };
		B957F84C2A71792D00EB44DD /* MenuItemCardView.swift */ = {isa = PBXFileReference; lastKnownFileType = sourcecode.swift; path = MenuItemCardView.swift; sourceTree = "<group>"; };
/* End PBXFileReference section */

/* Begin PBXFrameworksBuildPhase section */
		B957F80A2A70FCC000EB44DD /* Frameworks */ = {
			isa = PBXFrameworksBuildPhase;
			buildActionMask = 2147483647;
			files = (
			);
			runOnlyForDeploymentPostprocessing = 0;
		};
		B957F81A2A70FCC100EB44DD /* Frameworks */ = {
			isa = PBXFrameworksBuildPhase;
			buildActionMask = 2147483647;
			files = (
			);
			runOnlyForDeploymentPostprocessing = 0;
		};
		B957F8242A70FCC200EB44DD /* Frameworks */ = {
			isa = PBXFrameworksBuildPhase;
			buildActionMask = 2147483647;
			files = (
			);
			runOnlyForDeploymentPostprocessing = 0;
		};
/* End PBXFrameworksBuildPhase section */

/* Begin PBXGroup section */
		B957F8042A70FCC000EB44DD = {
			isa = PBXGroup;
			children = (
				B957F80F2A70FCC000EB44DD /* Little Lemon dinner menu */,
				B957F8202A70FCC100EB44DD /* Little Lemon dinner menuTests */,
				B957F80E2A70FCC000EB44DD /* Products */,
			);
			sourceTree = "<group>";
		};
		B957F80E2A70FCC000EB44DD /* Products */ = {
			isa = PBXGroup;
			children = (
				B957F80D2A70FCC000EB44DD /* Little Lemon dinner menu.app */,
				B957F81D2A70FCC100EB44DD /* Little Lemon dinner menuTests.xctest */,
				B957F8272A70FCC200EB44DD /* Little Lemon dinner menuUITests.xctest */,
			);
			name = Products;
			sourceTree = "<group>";
		};
		B957F80F2A70FCC000EB44DD /* Little Lemon dinner menu */ = {
			isa = PBXGroup;
			children = (
				B957F8102A70FCC000EB44DD /* Little_Lemon_dinner_menuApp.swift */,
				B957F8122A70FCC000EB44DD /* ContentView.swift */,
				B957F83A2A70FD8300EB44DD /* MenuItemView.swift */,
				B957F83C2A70FD9300EB44DD /* MenuItemsOptionView.swift */,
				B957F84C2A71792D00EB44DD /* MenuItemCardView.swift */,
				B957F83E2A70FDA200EB44DD /* MenuItemDetailsView.swift */,
				B957F8142A70FCC100EB44DD /* Assets.xcassets */,
				B957F8162A70FCC100EB44DD /* Preview Content */,
				B957F8462A716C4000EB44DD /* Classes */,
			);
			path = "Little Lemon dinner menu";
			sourceTree = "<group>";
		};
		B957F8162A70FCC100EB44DD /* Preview Content */ = {
			isa = PBXGroup;
			children = (
				B957F8172A70FCC100EB44DD /* Preview Assets.xcassets */,
			);
			path = "Preview Content";
			sourceTree = "<group>";
		};
		B957F8202A70FCC100EB44DD /* Little Lemon dinner menuTests */ = {
			isa = PBXGroup;
			children = (
				B957F8212A70FCC100EB44DD /* Little_Lemon_dinner_menuTests.swift */,
			);
			path = "Little Lemon dinner menuTests";
			sourceTree = "<group>";
		};
		B957F8462A716C4000EB44DD /* Classes */ = {
			isa = PBXGroup;
			children = (
				B957F8402A71135D00EB44DD /* SelectedFilters.swift */,
				B957F8482A7171A600EB44DD /* MenuViewViewModel.swift */,
				B957F84A2A7173CE00EB44DD /* MenuItem.swift */,
			);
			path = Classes;
			sourceTree = "<group>";
		};
/* End PBXGroup section */

/* Begin PBXNativeTarget section */
		B957F80C2A70FCC000EB44DD /* Little Lemon dinner menu */ = {
			isa = PBXNativeTarget;
			buildConfigurationList = B957F8312A70FCC200EB44DD /* Build configuration list for PBXNativeTarget "Little Lemon dinner menu" */;
			buildPhases = (
				B957F8092A70FCC000EB44DD /* Sources */,
				B957F80A2A70FCC000EB44DD /* Frameworks */,
				B957F80B2A70FCC000EB44DD /* Resources */,
			);
			buildRules = (
			);
			dependencies = (
			);
			name = "Little Lemon dinner menu";
			productName = "Little Lemon dinner menu";
			productReference = B957F80D2A70FCC000EB44DD /* Little Lemon dinner menu.app */;
			productType = "com.apple.product-type.application";
		};
		B957F81C2A70FCC100EB44DD /* Little Lemon dinner menuTests */ = {
			isa = PBXNativeTarget;
			buildConfigurationList = B957F8342A70FCC200EB44DD /* Build configuration list for PBXNativeTarget "Little Lemon dinner menuTests" */;
			buildPhases = (
				B957F8192A70FCC100EB44DD /* Sources */,
				B957F81A2A70FCC100EB44DD /* Frameworks */,
				B957F81B2A70FCC100EB44DD /* Resources */,
			);
			buildRules = (
			);
			dependencies = (
				B957F81F2A70FCC100EB44DD /* PBXTargetDependency */,
			);
			name = "Little Lemon dinner menuTests";
			productName = "Little Lemon dinner menuTests";
			productReference = B957F81D2A70FCC100EB44DD /* Little Lemon dinner menuTests.xctest */;
			productType = "com.apple.product-type.bundle.unit-test";
		};
		B957F8262A70FCC200EB44DD /* Little Lemon dinner menuUITests */ = {
			isa = PBXNativeTarget;
			buildConfigurationList = B957F8372A70FCC200EB44DD /* Build configuration list for PBXNativeTarget "Little Lemon dinner menuUITests" */;
			buildPhases = (
				B957F8232A70FCC200EB44DD /* Sources */,
				B957F8242A70FCC200EB44DD /* Frameworks */,
				B957F8252A70FCC200EB44DD /* Resources */,
			);
			buildRules = (
			);
			dependencies = (
				B957F8292A70FCC200EB44DD /* PBXTargetDependency */,
			);
			name = "Little Lemon dinner menuUITests";
			productName = "Little Lemon dinner menuUITests";
			productReference = B957F8272A70FCC200EB44DD /* Little Lemon dinner menuUITests.xctest */;
			productType = "com.apple.product-type.bundle.ui-testing";
		};
/* End PBXNativeTarget section */

/* Begin PBXProject section */
		B957F8052A70FCC000EB44DD /* Project object */ = {
			isa = PBXProject;
			attributes = {
				BuildIndependentTargetsInParallel = 1;
				LastSwiftUpdateCheck = 1430;
				LastUpgradeCheck = 1430;
				TargetAttributes = {
					B957F80C2A70FCC000EB44DD = {
						CreatedOnToolsVersion = 14.3;
					};
					B957F81C2A70FCC100EB44DD = {
						CreatedOnToolsVersion = 14.3;
						TestTargetID = B957F80C2A70FCC000EB44DD;
					};
					B957F8262A70FCC200EB44DD = {
						CreatedOnToolsVersion = 14.3;
						TestTargetID = B957F80C2A70FCC000EB44DD;
					};
				};
			};
			buildConfigurationList = B957F8082A70FCC000EB44DD /* Build configuration list for PBXProject "Little Lemon dinner menu" */;
			compatibilityVersion = "Xcode 14.0";
			developmentRegion = en;
			hasScannedForEncodings = 0;
			knownRegions = (
				en,
				Base,
			);
			mainGroup = B957F8042A70FCC000EB44DD;
			productRefGroup = B957F80E2A70FCC000EB44DD /* Products */;
			projectDirPath = "";
			projectRoot = "";
			targets = (
				B957F80C2A70FCC000EB44DD /* Little Lemon dinner menu */,
				B957F81C2A70FCC100EB44DD /* Little Lemon dinner menuTests */,
				B957F8262A70FCC200EB44DD /* Little Lemon dinner menuUITests */,
			);
		};
/* End PBXProject section */

/* Begin PBXResourcesBuildPhase section */
		B957F80B2A70FCC000EB44DD /* Resources */ = {
			isa = PBXResourcesBuildPhase;
			buildActionMask = 2147483647;
			files = (
				B957F8182A70FCC100EB44DD /* Preview Assets.xcassets in Resources */,
				B957F8152A70FCC100EB44DD /* Assets.xcassets in Resources */,
			);
			runOnlyForDeploymentPostprocessing = 0;
		};
		B957F81B2A70FCC100EB44DD /* Resources */ = {
			isa = PBXResourcesBuildPhase;
			buildActionMask = 2147483647;
			files = (
			);
			runOnlyForDeploymentPostprocessing = 0;
		};
		B957F8252A70FCC200EB44DD /* Resources */ = {
			isa = PBXResourcesBuildPhase;
			buildActionMask = 2147483647;
			files = (
			);
			runOnlyForDeploymentPostprocessing = 0;
		};
/* End PBXResourcesBuildPhase section */

/* Begin PBXSourcesBuildPhase section */
		B957F8092A70FCC000EB44DD /* Sources */ = {
			isa = PBXSourcesBuildPhase;
			buildActionMask = 2147483647;
			files = (
				B957F8132A70FCC000EB44DD /* ContentView.swift in Sources */,
				B957F84D2A71792D00EB44DD /* MenuItemCardView.swift in Sources */,
				B957F83B2A70FD8300EB44DD /* MenuItemView.swift in Sources */,
				B957F8112A70FCC000EB44DD /* Little_Lemon_dinner_menuApp.swift in Sources */,
				B957F8492A7171A600EB44DD /* MenuViewViewModel.swift in Sources */,
				B957F83D2A70FD9300EB44DD /* MenuItemsOptionView.swift in Sources */,
				B957F8412A71135D00EB44DD /* SelectedFilters.swift in Sources */,
				B957F83F2A70FDA200EB44DD /* MenuItemDetailsView.swift in Sources */,
				B957F84B2A7173CE00EB44DD /* MenuItem.swift in Sources */,
			);
			runOnlyForDeploymentPostprocessing = 0;
		};
		B957F8192A70FCC100EB44DD /* Sources */ = {
			isa = PBXSourcesBuildPhase;
			buildActionMask = 2147483647;
			files = (
				B957F8222A70FCC100EB44DD /* Little_Lemon_dinner_menuTests.swift in Sources */,
			);
			runOnlyForDeploymentPostprocessing = 0;
		};
		B957F8232A70FCC200EB44DD /* Sources */ = {
			isa = PBXSourcesBuildPhase;
			buildActionMask = 2147483647;
			files = (
			);
			runOnlyForDeploymentPostprocessing = 0;
		};
/* End PBXSourcesBuildPhase section */

/* Begin PBXTargetDependency section */
		B957F81F2A70FCC100EB44DD /* PBXTargetDependency */ = {
			isa = PBXTargetDependency;
			target = B957F80C2A70FCC000EB44DD /* Little Lemon dinner menu */;
			targetProxy = B957F81E2A70FCC100EB44DD /* PBXContainerItemProxy */;
		};
		B957F8292A70FCC200EB44DD /* PBXTargetDependency */ = {
			isa = PBXTargetDependency;
			target = B957F80C2A70FCC000EB44DD /* Little Lemon dinner menu */;
			targetProxy = B957F8282A70FCC200EB44DD /* PBXContainerItemProxy */;
		};
/* End PBXTargetDependency section */

/* Begin XCBuildConfiguration section */
		B957F82F2A70FCC200EB44DD /* Debug */ = {
			isa = XCBuildConfiguration;
			buildSettings = {
				ALWAYS_SEARCH_USER_PATHS = NO;
				CLANG_ANALYZER_NONNULL = YES;
				CLANG_ANALYZER_NUMBER_OBJECT_CONVERSION = YES_AGGRESSIVE;
				CLANG_CXX_LANGUAGE_STANDARD = "gnu++20";
				CLANG_ENABLE_MODULES = YES;
				CLANG_ENABLE_OBJC_ARC = YES;
				CLANG_ENABLE_OBJC_WEAK = YES;
				CLANG_WARN_BLOCK_CAPTURE_AUTORELEASING = YES;
				CLANG_WARN_BOOL_CONVERSION = YES;
				CLANG_WARN_COMMA = YES;
				CLANG_WARN_CONSTANT_CONVERSION = YES;
				CLANG_WARN_DEPRECATED_OBJC_IMPLEMENTATIONS = YES;
				CLANG_WARN_DIRECT_OBJC_ISA_USAGE = YES_ERROR;
				CLANG_WARN_DOCUMENTATION_COMMENTS = YES;
				CLANG_WARN_EMPTY_BODY = YES;
				CLANG_WARN_ENUM_CONVERSION = YES;
				CLANG_WARN_INFINITE_RECURSION = YES;
				CLANG_WARN_INT_CONVERSION = YES;
				CLANG_WARN_NON_LITERAL_NULL_CONVERSION = YES;
				CLANG_WARN_OBJC_IMPLICIT_RETAIN_SELF = YES;
				CLANG_WARN_OBJC_LITERAL_CONVERSION = YES;
				CLANG_WARN_OBJC_ROOT_CLASS = YES_ERROR;
				CLANG_WARN_QUOTED_INCLUDE_IN_FRAMEWORK_HEADER = YES;
				CLANG_WARN_RANGE_LOOP_ANALYSIS = YES;
				CLANG_WARN_STRICT_PROTOTYPES = YES;
				CLANG_WARN_SUSPICIOUS_MOVE = YES;
				CLANG_WARN_UNGUARDED_AVAILABILITY = YES_AGGRESSIVE;
				CLANG_WARN_UNREACHABLE_CODE = YES;
				CLANG_WARN__DUPLICATE_METHOD_MATCH = YES;
				COPY_PHASE_STRIP = NO;
				DEBUG_INFORMATION_FORMAT = dwarf;
				ENABLE_STRICT_OBJC_MSGSEND = YES;
				ENABLE_TESTABILITY = YES;
				GCC_C_LANGUAGE_STANDARD = gnu11;
				GCC_DYNAMIC_NO_PIC = NO;
				GCC_NO_COMMON_BLOCKS = YES;
				GCC_OPTIMIZATION_LEVEL = 0;
				GCC_PREPROCESSOR_DEFINITIONS = (
					"DEBUG=1",
					"$(inherited)",
				);
				GCC_WARN_64_TO_32_BIT_CONVERSION = YES;
				GCC_WARN_ABOUT_RETURN_TYPE = YES_ERROR;
				GCC_WARN_UNDECLARED_SELECTOR = YES;
				GCC_WARN_UNINITIALIZED_AUTOS = YES_AGGRESSIVE;
				GCC_WARN_UNUSED_FUNCTION = YES;
				GCC_WARN_UNUSED_VARIABLE = YES;
				IPHONEOS_DEPLOYMENT_TARGET = 16.4;
				MTL_ENABLE_DEBUG_INFO = INCLUDE_SOURCE;
				MTL_FAST_MATH = YES;
				ONLY_ACTIVE_ARCH = YES;
				SDKROOT = iphoneos;
				SWIFT_ACTIVE_COMPILATION_CONDITIONS = DEBUG;
				SWIFT_OPTIMIZATION_LEVEL = "-Onone";
			};
			name = Debug;
		};
		B957F8302A70FCC200EB44DD /* Release */ = {
			isa = XCBuildConfiguration;
			buildSettings = {
				ALWAYS_SEARCH_USER_PATHS = NO;
				CLANG_ANALYZER_NONNULL = YES;
				CLANG_ANALYZER_NUMBER_OBJECT_CONVERSION = YES_AGGRESSIVE;
				CLANG_CXX_LANGUAGE_STANDARD = "gnu++20";
				CLANG_ENABLE_MODULES = YES;
				CLANG_ENABLE_OBJC_ARC = YES;
				CLANG_ENABLE_OBJC_WEAK = YES;
				CLANG_WARN_BLOCK_CAPTURE_AUTORELEASING = YES;
				CLANG_WARN_BOOL_CONVERSION = YES;
				CLANG_WARN_COMMA = YES;
				CLANG_WARN_CONSTANT_CONVERSION = YES;
				CLANG_WARN_DEPRECATED_OBJC_IMPLEMENTATIONS = YES;
				CLANG_WARN_DIRECT_OBJC_ISA_USAGE = YES_ERROR;
				CLANG_WARN_DOCUMENTATION_COMMENTS = YES;
				CLANG_WARN_EMPTY_BODY = YES;
				CLANG_WARN_ENUM_CONVERSION = YES;
				CLANG_WARN_INFINITE_RECURSION = YES;
				CLANG_WARN_INT_CONVERSION = YES;
				CLANG_WARN_NON_LITERAL_NULL_CONVERSION = YES;
				CLANG_WARN_OBJC_IMPLICIT_RETAIN_SELF = YES;
				CLANG_WARN_OBJC_LITERAL_CONVERSION = YES;
				CLANG_WARN_OBJC_ROOT_CLASS = YES_ERROR;
				CLANG_WARN_QUOTED_INCLUDE_IN_FRAMEWORK_HEADER = YES;
				CLANG_WARN_RANGE_LOOP_ANALYSIS = YES;
				CLANG_WARN_STRICT_PROTOTYPES = YES;
				CLANG_WARN_SUSPICIOUS_MOVE = YES;
				CLANG_WARN_UNGUARDED_AVAILABILITY = YES_AGGRESSIVE;
				CLANG_WARN_UNREACHABLE_CODE = YES;
				CLANG_WARN__DUPLICATE_METHOD_MATCH = YES;
				COPY_PHASE_STRIP = NO;
				DEBUG_INFORMATION_FORMAT = "dwarf-with-dsym";
				ENABLE_NS_ASSERTIONS = NO;
				ENABLE_STRICT_OBJC_MSGSEND = YES;
				GCC_C_LANGUAGE_STANDARD = gnu11;
				GCC_NO_COMMON_BLOCKS = YES;
				GCC_WARN_64_TO_32_BIT_CONVERSION = YES;
				GCC_WARN_ABOUT_RETURN_TYPE = YES_ERROR;
				GCC_WARN_UNDECLARED_SELECTOR = YES;
				GCC_WARN_UNINITIALIZED_AUTOS = YES_AGGRESSIVE;
				GCC_WARN_UNUSED_FUNCTION = YES;
				GCC_WARN_UNUSED_VARIABLE = YES;
				IPHONEOS_DEPLOYMENT_TARGET = 16.4;
				MTL_ENABLE_DEBUG_INFO = NO;
				MTL_FAST_MATH = YES;
				SDKROOT = iphoneos;
				SWIFT_COMPILATION_MODE = wholemodule;
				SWIFT_OPTIMIZATION_LEVEL = "-O";
				VALIDATE_PRODUCT = YES;
			};
			name = Release;
		};
		B957F8322A70FCC200EB44DD /* Debug */ = {
			isa = XCBuildConfiguration;
			buildSettings = {
				ASSETCATALOG_COMPILER_APPICON_NAME = AppIcon;
				ASSETCATALOG_COMPILER_GLOBAL_ACCENT_COLOR_NAME = AccentColor;
				CODE_SIGN_STYLE = Automatic;
				CURRENT_PROJECT_VERSION = 1;
				DEVELOPMENT_ASSET_PATHS = "\"Little Lemon dinner menu/Preview Content\"";
				DEVELOPMENT_TEAM = KRPJJNJAQG;
				ENABLE_PREVIEWS = YES;
				GENERATE_INFOPLIST_FILE = YES;
				INFOPLIST_KEY_UIApplicationSceneManifest_Generation = YES;
				INFOPLIST_KEY_UIApplicationSupportsIndirectInputEvents = YES;
				INFOPLIST_KEY_UILaunchScreen_Generation = YES;
				INFOPLIST_KEY_UISupportedInterfaceOrientations_iPad = "UIInterfaceOrientationPortrait UIInterfaceOrientationPortraitUpsideDown UIInterfaceOrientationLandscapeLeft UIInterfaceOrientationLandscapeRight";
				INFOPLIST_KEY_UISupportedInterfaceOrientations_iPhone = "UIInterfaceOrientationPortrait UIInterfaceOrientationLandscapeLeft UIInterfaceOrientationLandscapeRight";
				LD_RUNPATH_SEARCH_PATHS = (
					"$(inherited)",
					"@executable_path/Frameworks",
				);
				MARKETING_VERSION = 1.0;
				PRODUCT_BUNDLE_IDENTIFIER = "MetaCourse.Little-Lemon-dinner-menu";
				PRODUCT_NAME = "$(TARGET_NAME)";
				SWIFT_EMIT_LOC_STRINGS = YES;
				SWIFT_VERSION = 5.0;
				TARGETED_DEVICE_FAMILY = "1,2";
			};
			name = Debug;
		};
		B957F8332A70FCC200EB44DD /* Release */ = {
			isa = XCBuildConfiguration;
			buildSettings = {
				ASSETCATALOG_COMPILER_APPICON_NAME = AppIcon;
				ASSETCATALOG_COMPILER_GLOBAL_ACCENT_COLOR_NAME = AccentColor;
				CODE_SIGN_STYLE = Automatic;
				CURRENT_PROJECT_VERSION = 1;
				DEVELOPMENT_ASSET_PATHS = "\"Little Lemon dinner menu/Preview Content\"";
				DEVELOPMENT_TEAM = KRPJJNJAQG;
				ENABLE_PREVIEWS = YES;
				GENERATE_INFOPLIST_FILE = YES;
				INFOPLIST_KEY_UIApplicationSceneManifest_Generation = YES;
				INFOPLIST_KEY_UIApplicationSupportsIndirectInputEvents = YES;
				INFOPLIST_KEY_UILaunchScreen_Generation = YES;
				INFOPLIST_KEY_UISupportedInterfaceOrientations_iPad = "UIInterfaceOrientationPortrait UIInterfaceOrientationPortraitUpsideDown UIInterfaceOrientationLandscapeLeft UIInterfaceOrientationLandscapeRight";
				INFOPLIST_KEY_UISupportedInterfaceOrientations_iPhone = "UIInterfaceOrientationPortrait UIInterfaceOrientationLandscapeLeft UIInterfaceOrientationLandscapeRight";
				LD_RUNPATH_SEARCH_PATHS = (
					"$(inherited)",
					"@executable_path/Frameworks",
				);
				MARKETING_VERSION = 1.0;
				PRODUCT_BUNDLE_IDENTIFIER = "MetaCourse.Little-Lemon-dinner-menu";
				PRODUCT_NAME = "$(TARGET_NAME)";
				SWIFT_EMIT_LOC_STRINGS = YES;
				SWIFT_VERSION = 5.0;
				TARGETED_DEVICE_FAMILY = "1,2";
			};
			name = Release;
		};
		B957F8352A70FCC200EB44DD /* Debug */ = {
			isa = XCBuildConfiguration;
			buildSettings = {
				ALWAYS_EMBED_SWIFT_STANDARD_LIBRARIES = YES;
				BUNDLE_LOADER = "$(TEST_HOST)";
				CODE_SIGN_STYLE = Automatic;
				CURRENT_PROJECT_VERSION = 1;
				DEVELOPMENT_TEAM = KRPJJNJAQG;
				GENERATE_INFOPLIST_FILE = YES;
				IPHONEOS_DEPLOYMENT_TARGET = 16.4;
				MARKETING_VERSION = 1.0;
				PRODUCT_BUNDLE_IDENTIFIER = "MetaCourse.Little-Lemon-dinner-menuTests";
				PRODUCT_NAME = "$(TARGET_NAME)";
				SWIFT_EMIT_LOC_STRINGS = NO;
				SWIFT_VERSION = 5.0;
				TARGETED_DEVICE_FAMILY = "1,2";
				TEST_HOST = "$(BUILT_PRODUCTS_DIR)/Little Lemon dinner menu.app/$(BUNDLE_EXECUTABLE_FOLDER_PATH)/Little Lemon dinner menu";
			};
			name = Debug;
		};
		B957F8362A70FCC200EB44DD /* Release */ = {
			isa = XCBuildConfiguration;
			buildSettings = {
				ALWAYS_EMBED_SWIFT_STANDARD_LIBRARIES = YES;
				BUNDLE_LOADER = "$(TEST_HOST)";
				CODE_SIGN_STYLE = Automatic;
				CURRENT_PROJECT_VERSION = 1;
				DEVELOPMENT_TEAM = KRPJJNJAQG;
				GENERATE_INFOPLIST_FILE = YES;
				IPHONEOS_DEPLOYMENT_TARGET = 16.4;
				MARKETING_VERSION = 1.0;
				PRODUCT_BUNDLE_IDENTIFIER = "MetaCourse.Little-Lemon-dinner-menuTests";
				PRODUCT_NAME = "$(TARGET_NAME)";
				SWIFT_EMIT_LOC_STRINGS = NO;
				SWIFT_VERSION = 5.0;
				TARGETED_DEVICE_FAMILY = "1,2";
				TEST_HOST = "$(BUILT_PRODUCTS_DIR)/Little Lemon dinner menu.app/$(BUNDLE_EXECUTABLE_FOLDER_PATH)/Little Lemon dinner menu";
			};
			name = Release;
		};
		B957F8382A70FCC200EB44DD /* Debug */ = {
			isa = XCBuildConfiguration;
			buildSettings = {
				ALWAYS_EMBED_SWIFT_STANDARD_LIBRARIES = YES;
				CODE_SIGN_STYLE = Automatic;
				CURRENT_PROJECT_VERSION = 1;
				DEVELOPMENT_TEAM = KRPJJNJAQG;
				GENERATE_INFOPLIST_FILE = YES;
				MARKETING_VERSION = 1.0;
				PRODUCT_BUNDLE_IDENTIFIER = "MetaCourse.Little-Lemon-dinner-menuUITests";
				PRODUCT_NAME = "$(TARGET_NAME)";
				SWIFT_EMIT_LOC_STRINGS = NO;
				SWIFT_VERSION = 5.0;
				TARGETED_DEVICE_FAMILY = "1,2";
				TEST_TARGET_NAME = "Little Lemon dinner menu";
			};
			name = Debug;
		};
		B957F8392A70FCC200EB44DD /* Release */ = {
			isa = XCBuildConfiguration;
			buildSettings = {
				ALWAYS_EMBED_SWIFT_STANDARD_LIBRARIES = YES;
				CODE_SIGN_STYLE = Automatic;
				CURRENT_PROJECT_VERSION = 1;
				DEVELOPMENT_TEAM = KRPJJNJAQG;
				GENERATE_INFOPLIST_FILE = YES;
				MARKETING_VERSION = 1.0;
				PRODUCT_BUNDLE_IDENTIFIER = "MetaCourse.Little-Lemon-dinner-menuUITests";
				PRODUCT_NAME = "$(TARGET_NAME)";
				SWIFT_EMIT_LOC_STRINGS = NO;
				SWIFT_VERSION = 5.0;
				TARGETED_DEVICE_FAMILY = "1,2";
				TEST_TARGET_NAME = "Little Lemon dinner menu";
			};
			name = Release;
		};
/* End XCBuildConfiguration section */

/* Begin XCConfigurationList section */
		B957F8082A70FCC000EB44DD /* Build configuration list for PBXProject "Little Lemon dinner menu" */ = {
			isa = XCConfigurationList;
			buildConfigurations = (
				B957F82F2A70FCC200EB44DD /* Debug */,
				B957F8302A70FCC200EB44DD /* Release */,
			);
			defaultConfigurationIsVisible = 0;
			defaultConfigurationName = Release;
		};
		B957F8312A70FCC200EB44DD /* Build configuration list for PBXNativeTarget "Little Lemon dinner menu" */ = {
			isa = XCConfigurationList;
			buildConfigurations = (
				B957F8322A70FCC200EB44DD /* Debug */,
				B957F8332A70FCC200EB44DD /* Release */,
			);
			defaultConfigurationIsVisible = 0;
			defaultConfigurationName = Release;
		};
		B957F8342A70FCC200EB44DD /* Build configuration list for PBXNativeTarget "Little Lemon dinner menuTests" */ = {
			isa = XCConfigurationList;
			buildConfigurations = (
				B957F8352A70FCC200EB44DD /* Debug */,
				B957F8362A70FCC200EB44DD /* Release */,
			);
			defaultConfigurationIsVisible = 0;
			defaultConfigurationName = Release;
		};
		B957F8372A70FCC200EB44DD /* Build configuration list for PBXNativeTarget "Little Lemon dinner menuUITests" */ = {
			isa = XCConfigurationList;
			buildConfigurations = (
				B957F8382A70FCC200EB44DD /* Debug */,
				B957F8392A70FCC200EB44DD /* Release */,
			);
			defaultConfigurationIsVisible = 0;
			defaultConfigurationName = Release;
		};
/* End XCConfigurationList section */
	};
	rootObject = B957F8052A70FCC000EB44DD /* Project object */;
}
