// !$*UTF8*$!
{
	archiveVersion = 1;
	classes = {
	};
	objectVersion = 56;
	objects = {

/* Begin PBXBuildFile section */
		B957F6E32A6BF88100EB44DD /* Flat_and_Hierarchical_navigationApp.swift in Sources */ = {isa = PBXBuildFile; fileRef = B957F6E22A6BF88100EB44DD /* Flat_and_Hierarchical_navigationApp.swift */; };
		B957F6E52A6BF88100EB44DD /* ContentView.swift in Sources */ = {isa = PBXBuildFile; fileRef = B957F6E42A6BF88100EB44DD /* ContentView.swift */; };
		B957F6E72A6BF88300EB44DD /* Assets.xcassets in Resources */ = {isa = PBXBuildFile; fileRef = B957F6E62A6BF88300EB44DD /* Assets.xcassets */; };
		B957F6EA2A6BF88300EB44DD /* Preview Assets.xcassets in Resources */ = {isa = PBXBuildFile; fileRef = B957F6E92A6BF88300EB44DD /* Preview Assets.xcassets */; };
		B957F6F42A6BF88300EB44DD /* Flat_and_Hierarchical_navigationTests.swift in Sources */ = {isa = PBXBuildFile; fileRef = B957F6F32A6BF88300EB44DD /* Flat_and_Hierarchical_navigationTests.swift */; };
		B957F6FE2A6BF88300EB44DD /* Flat_and_Hierarchical_navigationUITests.swift in Sources */ = {isa = PBXBuildFile; fileRef = B957F6FD2A6BF88300EB44DD /* Flat_and_Hierarchical_navigationUITests.swift */; };
		B957F7002A6BF88300EB44DD /* Flat_and_Hierarchical_navigationUITestsLaunchTests.swift in Sources */ = {isa = PBXBuildFile; fileRef = B957F6FF2A6BF88300EB44DD /* Flat_and_Hierarchical_navigationUITestsLaunchTests.swift */; };
/* End PBXBuildFile section */

/* Begin PBXContainerItemProxy section */
		B957F6F02A6BF88300EB44DD /* PBXContainerItemProxy */ = {
			isa = PBXContainerItemProxy;
			containerPortal = B957F6D72A6BF88100EB44DD /* Project object */;
			proxyType = 1;
			remoteGlobalIDString = B957F6DE2A6BF88100EB44DD;
			remoteInfo = "Flat and Hierarchical navigation";
		};
		B957F6FA2A6BF88300EB44DD /* PBXContainerItemProxy */ = {
			isa = PBXContainerItemProxy;
			containerPortal = B957F6D72A6BF88100EB44DD /* Project object */;
			proxyType = 1;
			remoteGlobalIDString = B957F6DE2A6BF88100EB44DD;
			remoteInfo = "Flat and Hierarchical navigation";
		};
/* End PBXContainerItemProxy section */

/* Begin PBXFileReference section */
		B957F6DF2A6BF88100EB44DD /* Flat and Hierarchical navigation.app */ = {isa = PBXFileReference; explicitFileType = wrapper.application; includeInIndex = 0; path = "Flat and Hierarchical navigation.app"; sourceTree = BUILT_PRODUCTS_DIR; };
		B957F6E22A6BF88100EB44DD /* Flat_and_Hierarchical_navigationApp.swift */ = {isa = PBXFileReference; lastKnownFileType = sourcecode.swift; path = Flat_and_Hierarchical_navigationApp.swift; sourceTree = "<group>"; };
		B957F6E42A6BF88100EB44DD /* ContentView.swift */ = {isa = PBXFileReference; lastKnownFileType = sourcecode.swift; path = ContentView.swift; sourceTree = "<group>"; };
		B957F6E62A6BF88300EB44DD /* Assets.xcassets */ = {isa = PBXFileReference; lastKnownFileType = folder.assetcatalog; path = Assets.xcassets; sourceTree = "<group>"; };
		B957F6E92A6BF88300EB44DD /* Preview Assets.xcassets */ = {isa = PBXFileReference; lastKnownFileType = folder.assetcatalog; path = "Preview Assets.xcassets"; sourceTree = "<group>"; };
		B957F6EF2A6BF88300EB44DD /* Flat and Hierarchical navigationTests.xctest */ = {isa = PBXFileReference; explicitFileType = wrapper.cfbundle; includeInIndex = 0; path = "Flat and Hierarchical navigationTests.xctest"; sourceTree = BUILT_PRODUCTS_DIR; };
		B957F6F32A6BF88300EB44DD /* Flat_and_Hierarchical_navigationTests.swift */ = {isa = PBXFileReference; lastKnownFileType = sourcecode.swift; path = Flat_and_Hierarchical_navigationTests.swift; sourceTree = "<group>"; };
		B957F6F92A6BF88300EB44DD /* Flat and Hierarchical navigationUITests.xctest */ = {isa = PBXFileReference; explicitFileType = wrapper.cfbundle; includeInIndex = 0; path = "Flat and Hierarchical navigationUITests.xctest"; sourceTree = BUILT_PRODUCTS_DIR; };
		B957F6FD2A6BF88300EB44DD /* Flat_and_Hierarchical_navigationUITests.swift */ = {isa = PBXFileReference; lastKnownFileType = sourcecode.swift; path = Flat_and_Hierarchical_navigationUITests.swift; sourceTree = "<group>"; };
		B957F6FF2A6BF88300EB44DD /* Flat_and_Hierarchical_navigationUITestsLaunchTests.swift */ = {isa = PBXFileReference; lastKnownFileType = sourcecode.swift; path = Flat_and_Hierarchical_navigationUITestsLaunchTests.swift; sourceTree = "<group>"; };
/* End PBXFileReference section */

/* Begin PBXFrameworksBuildPhase section */
		B957F6DC2A6BF88100EB44DD /* Frameworks */ = {
			isa = PBXFrameworksBuildPhase;
			buildActionMask = 2147483647;
			files = (
			);
			runOnlyForDeploymentPostprocessing = 0;
		};
		B957F6EC2A6BF88300EB44DD /* Frameworks */ = {
			isa = PBXFrameworksBuildPhase;
			buildActionMask = 2147483647;
			files = (
			);
			runOnlyForDeploymentPostprocessing = 0;
		};
		B957F6F62A6BF88300EB44DD /* Frameworks */ = {
			isa = PBXFrameworksBuildPhase;
			buildActionMask = 2147483647;
			files = (
			);
			runOnlyForDeploymentPostprocessing = 0;
		};
/* End PBXFrameworksBuildPhase section */

/* Begin PBXGroup section */
		B957F6D62A6BF88100EB44DD = {
			isa = PBXGroup;
			children = (
				B957F6E12A6BF88100EB44DD /* Flat and Hierarchical navigation */,
				B957F6F22A6BF88300EB44DD /* Flat and Hierarchical navigationTests */,
				B957F6FC2A6BF88300EB44DD /* Flat and Hierarchical navigationUITests */,
				B957F6E02A6BF88100EB44DD /* Products */,
			);
			sourceTree = "<group>";
		};
		B957F6E02A6BF88100EB44DD /* Products */ = {
			isa = PBXGroup;
			children = (
				B957F6DF2A6BF88100EB44DD /* Flat and Hierarchical navigation.app */,
				B957F6EF2A6BF88300EB44DD /* Flat and Hierarchical navigationTests.xctest */,
				B957F6F92A6BF88300EB44DD /* Flat and Hierarchical navigationUITests.xctest */,
			);
			name = Products;
			sourceTree = "<group>";
		};
		B957F6E12A6BF88100EB44DD /* Flat and Hierarchical navigation */ = {
			isa = PBXGroup;
			children = (
				B957F6E22A6BF88100EB44DD /* Flat_and_Hierarchical_navigationApp.swift */,
				B957F6E42A6BF88100EB44DD /* ContentView.swift */,
				B957F6E62A6BF88300EB44DD /* Assets.xcassets */,
				B957F6E82A6BF88300EB44DD /* Preview Content */,
			);
			path = "Flat and Hierarchical navigation";
			sourceTree = "<group>";
		};
		B957F6E82A6BF88300EB44DD /* Preview Content */ = {
			isa = PBXGroup;
			children = (
				B957F6E92A6BF88300EB44DD /* Preview Assets.xcassets */,
			);
			path = "Preview Content";
			sourceTree = "<group>";
		};
		B957F6F22A6BF88300EB44DD /* Flat and Hierarchical navigationTests */ = {
			isa = PBXGroup;
			children = (
				B957F6F32A6BF88300EB44DD /* Flat_and_Hierarchical_navigationTests.swift */,
			);
			path = "Flat and Hierarchical navigationTests";
			sourceTree = "<group>";
		};
		B957F6FC2A6BF88300EB44DD /* Flat and Hierarchical navigationUITests */ = {
			isa = PBXGroup;
			children = (
				B957F6FD2A6BF88300EB44DD /* Flat_and_Hierarchical_navigationUITests.swift */,
				B957F6FF2A6BF88300EB44DD /* Flat_and_Hierarchical_navigationUITestsLaunchTests.swift */,
			);
			path = "Flat and Hierarchical navigationUITests";
			sourceTree = "<group>";
		};
/* End PBXGroup section */

/* Begin PBXNativeTarget section */
		B957F6DE2A6BF88100EB44DD /* Flat and Hierarchical navigation */ = {
			isa = PBXNativeTarget;
			buildConfigurationList = B957F7032A6BF88300EB44DD /* Build configuration list for PBXNativeTarget "Flat and Hierarchical navigation" */;
			buildPhases = (
				B957F6DB2A6BF88100EB44DD /* Sources */,
				B957F6DC2A6BF88100EB44DD /* Frameworks */,
				B957F6DD2A6BF88100EB44DD /* Resources */,
			);
			buildRules = (
			);
			dependencies = (
			);
			name = "Flat and Hierarchical navigation";
			productName = "Flat and Hierarchical navigation";
			productReference = B957F6DF2A6BF88100EB44DD /* Flat and Hierarchical navigation.app */;
			productType = "com.apple.product-type.application";
		};
		B957F6EE2A6BF88300EB44DD /* Flat and Hierarchical navigationTests */ = {
			isa = PBXNativeTarget;
			buildConfigurationList = B957F7062A6BF88300EB44DD /* Build configuration list for PBXNativeTarget "Flat and Hierarchical navigationTests" */;
			buildPhases = (
				B957F6EB2A6BF88300EB44DD /* Sources */,
				B957F6EC2A6BF88300EB44DD /* Frameworks */,
				B957F6ED2A6BF88300EB44DD /* Resources */,
			);
			buildRules = (
			);
			dependencies = (
				B957F6F12A6BF88300EB44DD /* PBXTargetDependency */,
			);
			name = "Flat and Hierarchical navigationTests";
			productName = "Flat and Hierarchical navigationTests";
			productReference = B957F6EF2A6BF88300EB44DD /* Flat and Hierarchical navigationTests.xctest */;
			productType = "com.apple.product-type.bundle.unit-test";
		};
		B957F6F82A6BF88300EB44DD /* Flat and Hierarchical navigationUITests */ = {
			isa = PBXNativeTarget;
			buildConfigurationList = B957F7092A6BF88300EB44DD /* Build configuration list for PBXNativeTarget "Flat and Hierarchical navigationUITests" */;
			buildPhases = (
				B957F6F52A6BF88300EB44DD /* Sources */,
				B957F6F62A6BF88300EB44DD /* Frameworks */,
				B957F6F72A6BF88300EB44DD /* Resources */,
			);
			buildRules = (
			);
			dependencies = (
				B957F6FB2A6BF88300EB44DD /* PBXTargetDependency */,
			);
			name = "Flat and Hierarchical navigationUITests";
			productName = "Flat and Hierarchical navigationUITests";
			productReference = B957F6F92A6BF88300EB44DD /* Flat and Hierarchical navigationUITests.xctest */;
			productType = "com.apple.product-type.bundle.ui-testing";
		};
/* End PBXNativeTarget section */

/* Begin PBXProject section */
		B957F6D72A6BF88100EB44DD /* Project object */ = {
			isa = PBXProject;
			attributes = {
				BuildIndependentTargetsInParallel = 1;
				LastSwiftUpdateCheck = 1430;
				LastUpgradeCheck = 1430;
				TargetAttributes = {
					B957F6DE2A6BF88100EB44DD = {
						CreatedOnToolsVersion = 14.3;
					};
					B957F6EE2A6BF88300EB44DD = {
						CreatedOnToolsVersion = 14.3;
						TestTargetID = B957F6DE2A6BF88100EB44DD;
					};
					B957F6F82A6BF88300EB44DD = {
						CreatedOnToolsVersion = 14.3;
						TestTargetID = B957F6DE2A6BF88100EB44DD;
					};
				};
			};
			buildConfigurationList = B957F6DA2A6BF88100EB44DD /* Build configuration list for PBXProject "Flat and Hierarchical navigation" */;
			compatibilityVersion = "Xcode 14.0";
			developmentRegion = en;
			hasScannedForEncodings = 0;
			knownRegions = (
				en,
				Base,
			);
			mainGroup = B957F6D62A6BF88100EB44DD;
			productRefGroup = B957F6E02A6BF88100EB44DD /* Products */;
			projectDirPath = "";
			projectRoot = "";
			targets = (
				B957F6DE2A6BF88100EB44DD /* Flat and Hierarchical navigation */,
				B957F6EE2A6BF88300EB44DD /* Flat and Hierarchical navigationTests */,
				B957F6F82A6BF88300EB44DD /* Flat and Hierarchical navigationUITests */,
			);
		};
/* End PBXProject section */

/* Begin PBXResourcesBuildPhase section */
		B957F6DD2A6BF88100EB44DD /* Resources */ = {
			isa = PBXResourcesBuildPhase;
			buildActionMask = 2147483647;
			files = (
				B957F6EA2A6BF88300EB44DD /* Preview Assets.xcassets in Resources */,
				B957F6E72A6BF88300EB44DD /* Assets.xcassets in Resources */,
			);
			runOnlyForDeploymentPostprocessing = 0;
		};
		B957F6ED2A6BF88300EB44DD /* Resources */ = {
			isa = PBXResourcesBuildPhase;
			buildActionMask = 2147483647;
			files = (
			);
			runOnlyForDeploymentPostprocessing = 0;
		};
		B957F6F72A6BF88300EB44DD /* Resources */ = {
			isa = PBXResourcesBuildPhase;
			buildActionMask = 2147483647;
			files = (
			);
			runOnlyForDeploymentPostprocessing = 0;
		};
/* End PBXResourcesBuildPhase section */

/* Begin PBXSourcesBuildPhase section */
		B957F6DB2A6BF88100EB44DD /* Sources */ = {
			isa = PBXSourcesBuildPhase;
			buildActionMask = 2147483647;
			files = (
				B957F6E52A6BF88100EB44DD /* ContentView.swift in Sources */,
				B957F6E32A6BF88100EB44DD /* Flat_and_Hierarchical_navigationApp.swift in Sources */,
			);
			runOnlyForDeploymentPostprocessing = 0;
		};
		B957F6EB2A6BF88300EB44DD /* Sources */ = {
			isa = PBXSourcesBuildPhase;
			buildActionMask = 2147483647;
			files = (
				B957F6F42A6BF88300EB44DD /* Flat_and_Hierarchical_navigationTests.swift in Sources */,
			);
			runOnlyForDeploymentPostprocessing = 0;
		};
		B957F6F52A6BF88300EB44DD /* Sources */ = {
			isa = PBXSourcesBuildPhase;
			buildActionMask = 2147483647;
			files = (
				B957F7002A6BF88300EB44DD /* Flat_and_Hierarchical_navigationUITestsLaunchTests.swift in Sources */,
				B957F6FE2A6BF88300EB44DD /* Flat_and_Hierarchical_navigationUITests.swift in Sources */,
			);
			runOnlyForDeploymentPostprocessing = 0;
		};
/* End PBXSourcesBuildPhase section */

/* Begin PBXTargetDependency section */
		B957F6F12A6BF88300EB44DD /* PBXTargetDependency */ = {
			isa = PBXTargetDependency;
			target = B957F6DE2A6BF88100EB44DD /* Flat and Hierarchical navigation */;
			targetProxy = B957F6F02A6BF88300EB44DD /* PBXContainerItemProxy */;
		};
		B957F6FB2A6BF88300EB44DD /* PBXTargetDependency */ = {
			isa = PBXTargetDependency;
			target = B957F6DE2A6BF88100EB44DD /* Flat and Hierarchical navigation */;
			targetProxy = B957F6FA2A6BF88300EB44DD /* PBXContainerItemProxy */;
		};
/* End PBXTargetDependency section */

/* Begin XCBuildConfiguration section */
		B957F7012A6BF88300EB44DD /* Debug */ = {
			isa = XCBuildConfiguration;
			buildSettings = {
				ALWAYS_SEARCH_USER_PATHS = NO;
				CLANG_ANALYZER_NONNULL = YES;
				CLANG_ANALYZER_NUMBER_OBJECT_CONVERSION = YES_AGGRESSIVE;
				CLANG_CXX_LANGUAGE_STANDARD = "gnu++20";
				CLANG_ENABLE_MODULES = YES;
				CLANG_ENABLE_OBJC_ARC = YES;
				CLANG_ENABLE_OBJC_WEAK = YES;
				CLANG_WARN_BLOCK_CAPTURE_AUTORELEASING = YES;
				CLANG_WARN_BOOL_CONVERSION = YES;
				CLANG_WARN_COMMA = YES;
				CLANG_WARN_CONSTANT_CONVERSION = YES;
				CLANG_WARN_DEPRECATED_OBJC_IMPLEMENTATIONS = YES;
				CLANG_WARN_DIRECT_OBJC_ISA_USAGE = YES_ERROR;
				CLANG_WARN_DOCUMENTATION_COMMENTS = YES;
				CLANG_WARN_EMPTY_BODY = YES;
				CLANG_WARN_ENUM_CONVERSION = YES;
				CLANG_WARN_INFINITE_RECURSION = YES;
				CLANG_WARN_INT_CONVERSION = YES;
				CLANG_WARN_NON_LITERAL_NULL_CONVERSION = YES;
				CLANG_WARN_OBJC_IMPLICIT_RETAIN_SELF = YES;
				CLANG_WARN_OBJC_LITERAL_CONVERSION = YES;
				CLANG_WARN_OBJC_ROOT_CLASS = YES_ERROR;
				CLANG_WARN_QUOTED_INCLUDE_IN_FRAMEWORK_HEADER = YES;
				CLANG_WARN_RANGE_LOOP_ANALYSIS = YES;
				CLANG_WARN_STRICT_PROTOTYPES = YES;
				CLANG_WARN_SUSPICIOUS_MOVE = YES;
				CLANG_WARN_UNGUARDED_AVAILABILITY = YES_AGGRESSIVE;
				CLANG_WARN_UNREACHABLE_CODE = YES;
				CLANG_WARN__DUPLICATE_METHOD_MATCH = YES;
				COPY_PHASE_STRIP = NO;
				DEBUG_INFORMATION_FORMAT = dwarf;
				ENABLE_STRICT_OBJC_MSGSEND = YES;
				ENABLE_TESTABILITY = YES;
				GCC_C_LANGUAGE_STANDARD = gnu11;
				GCC_DYNAMIC_NO_PIC = NO;
				GCC_NO_COMMON_BLOCKS = YES;
				GCC_OPTIMIZATION_LEVEL = 0;
				GCC_PREPROCESSOR_DEFINITIONS = (
					"DEBUG=1",
					"$(inherited)",
				);
				GCC_WARN_64_TO_32_BIT_CONVERSION = YES;
				GCC_WARN_ABOUT_RETURN_TYPE = YES_ERROR;
				GCC_WARN_UNDECLARED_SELECTOR = YES;
				GCC_WARN_UNINITIALIZED_AUTOS = YES_AGGRESSIVE;
				GCC_WARN_UNUSED_FUNCTION = YES;
				GCC_WARN_UNUSED_VARIABLE = YES;
				IPHONEOS_DEPLOYMENT_TARGET = 16.4;
				MTL_ENABLE_DEBUG_INFO = INCLUDE_SOURCE;
				MTL_FAST_MATH = YES;
				ONLY_ACTIVE_ARCH = YES;
				SDKROOT = iphoneos;
				SWIFT_ACTIVE_COMPILATION_CONDITIONS = DEBUG;
				SWIFT_OPTIMIZATION_LEVEL = "-Onone";
			};
			name = Debug;
		};
		B957F7022A6BF88300EB44DD /* Release */ = {
			isa = XCBuildConfiguration;
			buildSettings = {
				ALWAYS_SEARCH_USER_PATHS = NO;
				CLANG_ANALYZER_NONNULL = YES;
				CLANG_ANALYZER_NUMBER_OBJECT_CONVERSION = YES_AGGRESSIVE;
				CLANG_CXX_LANGUAGE_STANDARD = "gnu++20";
				CLANG_ENABLE_MODULES = YES;
				CLANG_ENABLE_OBJC_ARC = YES;
				CLANG_ENABLE_OBJC_WEAK = YES;
				CLANG_WARN_BLOCK_CAPTURE_AUTORELEASING = YES;
				CLANG_WARN_BOOL_CONVERSION = YES;
				CLANG_WARN_COMMA = YES;
				CLANG_WARN_CONSTANT_CONVERSION = YES;
				CLANG_WARN_DEPRECATED_OBJC_IMPLEMENTATIONS = YES;
				CLANG_WARN_DIRECT_OBJC_ISA_USAGE = YES_ERROR;
				CLANG_WARN_DOCUMENTATION_COMMENTS = YES;
				CLANG_WARN_EMPTY_BODY = YES;
				CLANG_WARN_ENUM_CONVERSION = YES;
				CLANG_WARN_INFINITE_RECURSION = YES;
				CLANG_WARN_INT_CONVERSION = YES;
				CLANG_WARN_NON_LITERAL_NULL_CONVERSION = YES;
				CLANG_WARN_OBJC_IMPLICIT_RETAIN_SELF = YES;
				CLANG_WARN_OBJC_LITERAL_CONVERSION = YES;
				CLANG_WARN_OBJC_ROOT_CLASS = YES_ERROR;
				CLANG_WARN_QUOTED_INCLUDE_IN_FRAMEWORK_HEADER = YES;
				CLANG_WARN_RANGE_LOOP_ANALYSIS = YES;
				CLANG_WARN_STRICT_PROTOTYPES = YES;
				CLANG_WARN_SUSPICIOUS_MOVE = YES;
				CLANG_WARN_UNGUARDED_AVAILABILITY = YES_AGGRESSIVE;
				CLANG_WARN_UNREACHABLE_CODE = YES;
				CLANG_WARN__DUPLICATE_METHOD_MATCH = YES;
				COPY_PHASE_STRIP = NO;
				DEBUG_INFORMATION_FORMAT = "dwarf-with-dsym";
				ENABLE_NS_ASSERTIONS = NO;
				ENABLE_STRICT_OBJC_MSGSEND = YES;
				GCC_C_LANGUAGE_STANDARD = gnu11;
				GCC_NO_COMMON_BLOCKS = YES;
				GCC_WARN_64_TO_32_BIT_CONVERSION = YES;
				GCC_WARN_ABOUT_RETURN_TYPE = YES_ERROR;
				GCC_WARN_UNDECLARED_SELECTOR = YES;
				GCC_WARN_UNINITIALIZED_AUTOS = YES_AGGRESSIVE;
				GCC_WARN_UNUSED_FUNCTION = YES;
				GCC_WARN_UNUSED_VARIABLE = YES;
				IPHONEOS_DEPLOYMENT_TARGET = 16.4;
				MTL_ENABLE_DEBUG_INFO = NO;
				MTL_FAST_MATH = YES;
				SDKROOT = iphoneos;
				SWIFT_COMPILATION_MODE = wholemodule;
				SWIFT_OPTIMIZATION_LEVEL = "-O";
				VALIDATE_PRODUCT = YES;
			};
			name = Release;
		};
		B957F7042A6BF88300EB44DD /* Debug */ = {
			isa = XCBuildConfiguration;
			buildSettings = {
				ASSETCATALOG_COMPILER_APPICON_NAME = AppIcon;
				ASSETCATALOG_COMPILER_GLOBAL_ACCENT_COLOR_NAME = AccentColor;
				CODE_SIGN_STYLE = Automatic;
				CURRENT_PROJECT_VERSION = 1;
				DEVELOPMENT_ASSET_PATHS = "\"Flat and Hierarchical navigation/Preview Content\"";
				DEVELOPMENT_TEAM = KRPJJNJAQG;
				ENABLE_PREVIEWS = YES;
				GENERATE_INFOPLIST_FILE = YES;
				INFOPLIST_KEY_UIApplicationSceneManifest_Generation = YES;
				INFOPLIST_KEY_UIApplicationSupportsIndirectInputEvents = YES;
				INFOPLIST_KEY_UILaunchScreen_Generation = YES;
				INFOPLIST_KEY_UISupportedInterfaceOrientations_iPad = "UIInterfaceOrientationPortrait UIInterfaceOrientationPortraitUpsideDown UIInterfaceOrientationLandscapeLeft UIInterfaceOrientationLandscapeRight";
				INFOPLIST_KEY_UISupportedInterfaceOrientations_iPhone = "UIInterfaceOrientationPortrait UIInterfaceOrientationLandscapeLeft UIInterfaceOrientationLandscapeRight";
				LD_RUNPATH_SEARCH_PATHS = (
					"$(inherited)",
					"@executable_path/Frameworks",
				);
				MARKETING_VERSION = 1.0;
				PRODUCT_BUNDLE_IDENTIFIER = "MetaCourse.Flat-and-Hierarchical-navigation";
				PRODUCT_NAME = "$(TARGET_NAME)";
				SWIFT_EMIT_LOC_STRINGS = YES;
				SWIFT_VERSION = 5.0;
				TARGETED_DEVICE_FAMILY = "1,2";
			};
			name = Debug;
		};
		B957F7052A6BF88300EB44DD /* Release */ = {
			isa = XCBuildConfiguration;
			buildSettings = {
				ASSETCATALOG_COMPILER_APPICON_NAME = AppIcon;
				ASSETCATALOG_COMPILER_GLOBAL_ACCENT_COLOR_NAME = AccentColor;
				CODE_SIGN_STYLE = Automatic;
				CURRENT_PROJECT_VERSION = 1;
				DEVELOPMENT_ASSET_PATHS = "\"Flat and Hierarchical navigation/Preview Content\"";
				DEVELOPMENT_TEAM = KRPJJNJAQG;
				ENABLE_PREVIEWS = YES;
				GENERATE_INFOPLIST_FILE = YES;
				INFOPLIST_KEY_UIApplicationSceneManifest_Generation = YES;
				INFOPLIST_KEY_UIApplicationSupportsIndirectInputEvents = YES;
				INFOPLIST_KEY_UILaunchScreen_Generation = YES;
				INFOPLIST_KEY_UISupportedInterfaceOrientations_iPad = "UIInterfaceOrientationPortrait UIInterfaceOrientationPortraitUpsideDown UIInterfaceOrientationLandscapeLeft UIInterfaceOrientationLandscapeRight";
				INFOPLIST_KEY_UISupportedInterfaceOrientations_iPhone = "UIInterfaceOrientationPortrait UIInterfaceOrientationLandscapeLeft UIInterfaceOrientationLandscapeRight";
				LD_RUNPATH_SEARCH_PATHS = (
					"$(inherited)",
					"@executable_path/Frameworks",
				);
				MARKETING_VERSION = 1.0;
				PRODUCT_BUNDLE_IDENTIFIER = "MetaCourse.Flat-and-Hierarchical-navigation";
				PRODUCT_NAME = "$(TARGET_NAME)";
				SWIFT_EMIT_LOC_STRINGS = YES;
				SWIFT_VERSION = 5.0;
				TARGETED_DEVICE_FAMILY = "1,2";
			};
			name = Release;
		};
		B957F7072A6BF88300EB44DD /* Debug */ = {
			isa = XCBuildConfiguration;
			buildSettings = {
				ALWAYS_EMBED_SWIFT_STANDARD_LIBRARIES = YES;
				BUNDLE_LOADER = "$(TEST_HOST)";
				CODE_SIGN_STYLE = Automatic;
				CURRENT_PROJECT_VERSION = 1;
				DEVELOPMENT_TEAM = KRPJJNJAQG;
				GENERATE_INFOPLIST_FILE = YES;
				IPHONEOS_DEPLOYMENT_TARGET = 16.4;
				MARKETING_VERSION = 1.0;
				PRODUCT_BUNDLE_IDENTIFIER = "MetaCourse.Flat-and-Hierarchical-navigationTests";
				PRODUCT_NAME = "$(TARGET_NAME)";
				SWIFT_EMIT_LOC_STRINGS = NO;
				SWIFT_VERSION = 5.0;
				TARGETED_DEVICE_FAMILY = "1,2";
				TEST_HOST = "$(BUILT_PRODUCTS_DIR)/Flat and Hierarchical navigation.app/$(BUNDLE_EXECUTABLE_FOLDER_PATH)/Flat and Hierarchical navigation";
			};
			name = Debug;
		};
		B957F7082A6BF88300EB44DD /* Release */ = {
			isa = XCBuildConfiguration;
			buildSettings = {
				ALWAYS_EMBED_SWIFT_STANDARD_LIBRARIES = YES;
				BUNDLE_LOADER = "$(TEST_HOST)";
				CODE_SIGN_STYLE = Automatic;
				CURRENT_PROJECT_VERSION = 1;
				DEVELOPMENT_TEAM = KRPJJNJAQG;
				GENERATE_INFOPLIST_FILE = YES;
				IPHONEOS_DEPLOYMENT_TARGET = 16.4;
				MARKETING_VERSION = 1.0;
				PRODUCT_BUNDLE_IDENTIFIER = "MetaCourse.Flat-and-Hierarchical-navigationTests";
				PRODUCT_NAME = "$(TARGET_NAME)";
				SWIFT_EMIT_LOC_STRINGS = NO;
				SWIFT_VERSION = 5.0;
				TARGETED_DEVICE_FAMILY = "1,2";
				TEST_HOST = "$(BUILT_PRODUCTS_DIR)/Flat and Hierarchical navigation.app/$(BUNDLE_EXECUTABLE_FOLDER_PATH)/Flat and Hierarchical navigation";
			};
			name = Release;
		};
		B957F70A2A6BF88300EB44DD /* Debug */ = {
			isa = XCBuildConfiguration;
			buildSettings = {
				ALWAYS_EMBED_SWIFT_STANDARD_LIBRARIES = YES;
				CODE_SIGN_STYLE = Automatic;
				CURRENT_PROJECT_VERSION = 1;
				DEVELOPMENT_TEAM = KRPJJNJAQG;
				GENERATE_INFOPLIST_FILE = YES;
				MARKETING_VERSION = 1.0;
				PRODUCT_BUNDLE_IDENTIFIER = "MetaCourse.Flat-and-Hierarchical-navigationUITests";
				PRODUCT_NAME = "$(TARGET_NAME)";
				SWIFT_EMIT_LOC_STRINGS = NO;
				SWIFT_VERSION = 5.0;
				TARGETED_DEVICE_FAMILY = "1,2";
				TEST_TARGET_NAME = "Flat and Hierarchical navigation";
			};
			name = Debug;
		};
		B957F70B2A6BF88300EB44DD /* Release */ = {
			isa = XCBuildConfiguration;
			buildSettings = {
				ALWAYS_EMBED_SWIFT_STANDARD_LIBRARIES = YES;
				CODE_SIGN_STYLE = Automatic;
				CURRENT_PROJECT_VERSION = 1;
				DEVELOPMENT_TEAM = KRPJJNJAQG;
				GENERATE_INFOPLIST_FILE = YES;
				MARKETING_VERSION = 1.0;
				PRODUCT_BUNDLE_IDENTIFIER = "MetaCourse.Flat-and-Hierarchical-navigationUITests";
				PRODUCT_NAME = "$(TARGET_NAME)";
				SWIFT_EMIT_LOC_STRINGS = NO;
				SWIFT_VERSION = 5.0;
				TARGETED_DEVICE_FAMILY = "1,2";
				TEST_TARGET_NAME = "Flat and Hierarchical navigation";
			};
			name = Release;
		};
/* End XCBuildConfiguration section */

/* Begin XCConfigurationList section */
		B957F6DA2A6BF88100EB44DD /* Build configuration list for PBXProject "Flat and Hierarchical navigation" */ = {
			isa = XCConfigurationList;
			buildConfigurations = (
				B957F7012A6BF88300EB44DD /* Debug */,
				B957F7022A6BF88300EB44DD /* Release */,
			);
			defaultConfigurationIsVisible = 0;
			defaultConfigurationName = Release;
		};
		B957F7032A6BF88300EB44DD /* Build configuration list for PBXNativeTarget "Flat and Hierarchical navigation" */ = {
			isa = XCConfigurationList;
			buildConfigurations = (
				B957F7042A6BF88300EB44DD /* Debug */,
				B957F7052A6BF88300EB44DD /* Release */,
			);
			defaultConfigurationIsVisible = 0;
			defaultConfigurationName = Release;
		};
		B957F7062A6BF88300EB44DD /* Build configuration list for PBXNativeTarget "Flat and Hierarchical navigationTests" */ = {
			isa = XCConfigurationList;
			buildConfigurations = (
				B957F7072A6BF88300EB44DD /* Debug */,
				B957F7082A6BF88300EB44DD /* Release */,
			);
			defaultConfigurationIsVisible = 0;
			defaultConfigurationName = Release;
		};
		B957F7092A6BF88300EB44DD /* Build configuration list for PBXNativeTarget "Flat and Hierarchical navigationUITests" */ = {
			isa = XCConfigurationList;
			buildConfigurations = (
				B957F70A2A6BF88300EB44DD /* Debug */,
				B957F70B2A6BF88300EB44DD /* Release */,
			);
			defaultConfigurationIsVisible = 0;
			defaultConfigurationName = Release;
		};
/* End XCConfigurationList section */
	};
	rootObject = B957F6D72A6BF88100EB44DD /* Project object */;
}
