// !$*UTF8*$!
{
	archiveVersion = 1;
	classes = {
	};
	objectVersion = 56;
	objects = {

/* Begin PBXBuildFile section */
		B957F6412A6A46A000EB44DD /* Lemon_App_View_ExerciseApp.swift in Sources */ = {isa = PBXBuildFile; fileRef = B957F6402A6A46A000EB44DD /* Lemon_App_View_ExerciseApp.swift */; };
		B957F6432A6A46A000EB44DD /* ContentView.swift in Sources */ = {isa = PBXBuildFile; fileRef = B957F6422A6A46A000EB44DD /* ContentView.swift */; };
		B957F6452A6A46A200EB44DD /* Assets.xcassets in Resources */ = {isa = PBXBuildFile; fileRef = B957F6442A6A46A200EB44DD /* Assets.xcassets */; };
		B957F6482A6A46A200EB44DD /* Preview Assets.xcassets in Resources */ = {isa = PBXBuildFile; fileRef = B957F6472A6A46A200EB44DD /* Preview Assets.xcassets */; };
		B957F6522A6A46A200EB44DD /* Lemon_App_View_ExerciseTests.swift in Sources */ = {isa = PBXBuildFile; fileRef = B957F6512A6A46A200EB44DD /* Lemon_App_View_ExerciseTests.swift */; };
		B957F65C2A6A46A200EB44DD /* Lemon_App_View_ExerciseUITests.swift in Sources */ = {isa = PBXBuildFile; fileRef = B957F65B2A6A46A200EB44DD /* Lemon_App_View_ExerciseUITests.swift */; };
		B957F65E2A6A46A200EB44DD /* Lemon_App_View_ExerciseUITestsLaunchTests.swift in Sources */ = {isa = PBXBuildFile; fileRef = B957F65D2A6A46A200EB44DD /* Lemon_App_View_ExerciseUITestsLaunchTests.swift */; };
/* End PBXBuildFile section */

/* Begin PBXContainerItemProxy section */
		B957F64E2A6A46A200EB44DD /* PBXContainerItemProxy */ = {
			isa = PBXContainerItemProxy;
			containerPortal = B957F6352A6A46A000EB44DD /* Project object */;
			proxyType = 1;
			remoteGlobalIDString = B957F63C2A6A46A000EB44DD;
			remoteInfo = "Lemon App View Exercise";
		};
		B957F6582A6A46A200EB44DD /* PBXContainerItemProxy */ = {
			isa = PBXContainerItemProxy;
			containerPortal = B957F6352A6A46A000EB44DD /* Project object */;
			proxyType = 1;
			remoteGlobalIDString = B957F63C2A6A46A000EB44DD;
			remoteInfo = "Lemon App View Exercise";
		};
/* End PBXContainerItemProxy section */

/* Begin PBXFileReference section */
		B957F63D2A6A46A000EB44DD /* Lemon App View (Stacks).app */ = {isa = PBXFileReference; explicitFileType = wrapper.application; includeInIndex = 0; path = "Lemon App View (Stacks).app"; sourceTree = BUILT_PRODUCTS_DIR; };
		B957F6402A6A46A000EB44DD /* Lemon_App_View_ExerciseApp.swift */ = {isa = PBXFileReference; lastKnownFileType = sourcecode.swift; path = Lemon_App_View_ExerciseApp.swift; sourceTree = "<group>"; };
		B957F6422A6A46A000EB44DD /* ContentView.swift */ = {isa = PBXFileReference; lastKnownFileType = sourcecode.swift; path = ContentView.swift; sourceTree = "<group>"; };
		B957F6442A6A46A200EB44DD /* Assets.xcassets */ = {isa = PBXFileReference; lastKnownFileType = folder.assetcatalog; path = Assets.xcassets; sourceTree = "<group>"; };
		B957F6472A6A46A200EB44DD /* Preview Assets.xcassets */ = {isa = PBXFileReference; lastKnownFileType = folder.assetcatalog; path = "Preview Assets.xcassets"; sourceTree = "<group>"; };
		B957F64D2A6A46A200EB44DD /* Lemon App View (Stacks)Tests.xctest */ = {isa = PBXFileReference; explicitFileType = wrapper.cfbundle; includeInIndex = 0; path = "Lemon App View (Stacks)Tests.xctest"; sourceTree = BUILT_PRODUCTS_DIR; };
		B957F6512A6A46A200EB44DD /* Lemon_App_View_ExerciseTests.swift */ = {isa = PBXFileReference; lastKnownFileType = sourcecode.swift; path = Lemon_App_View_ExerciseTests.swift; sourceTree = "<group>"; };
		B957F6572A6A46A200EB44DD /* Lemon App View (Stacks)UITests.xctest */ = {isa = PBXFileReference; explicitFileType = wrapper.cfbundle; includeInIndex = 0; path = "Lemon App View (Stacks)UITests.xctest"; sourceTree = BUILT_PRODUCTS_DIR; };
		B957F65B2A6A46A200EB44DD /* Lemon_App_View_ExerciseUITests.swift */ = {isa = PBXFileReference; lastKnownFileType = sourcecode.swift; path = Lemon_App_View_ExerciseUITests.swift; sourceTree = "<group>"; };
		B957F65D2A6A46A200EB44DD /* Lemon_App_View_ExerciseUITestsLaunchTests.swift */ = {isa = PBXFileReference; lastKnownFileType = sourcecode.swift; path = Lemon_App_View_ExerciseUITestsLaunchTests.swift; sourceTree = "<group>"; };
/* End PBXFileReference section */

/* Begin PBXFrameworksBuildPhase section */
		B957F63A2A6A46A000EB44DD /* Frameworks */ = {
			isa = PBXFrameworksBuildPhase;
			buildActionMask = 2147483647;
			files = (
			);
			runOnlyForDeploymentPostprocessing = 0;
		};
		B957F64A2A6A46A200EB44DD /* Frameworks */ = {
			isa = PBXFrameworksBuildPhase;
			buildActionMask = 2147483647;
			files = (
			);
			runOnlyForDeploymentPostprocessing = 0;
		};
		B957F6542A6A46A200EB44DD /* Frameworks */ = {
			isa = PBXFrameworksBuildPhase;
			buildActionMask = 2147483647;
			files = (
			);
			runOnlyForDeploymentPostprocessing = 0;
		};
/* End PBXFrameworksBuildPhase section */

/* Begin PBXGroup section */
		B957F6342A6A46A000EB44DD = {
			isa = PBXGroup;
			children = (
				B957F63F2A6A46A000EB44DD /* Lemon App View Exercise */,
				B957F6502A6A46A200EB44DD /* Lemon App View ExerciseTests */,
				B957F65A2A6A46A200EB44DD /* Lemon App View ExerciseUITests */,
				B957F63E2A6A46A000EB44DD /* Products */,
			);
			sourceTree = "<group>";
		};
		B957F63E2A6A46A000EB44DD /* Products */ = {
			isa = PBXGroup;
			children = (
				B957F63D2A6A46A000EB44DD /* Lemon App View (Stacks).app */,
				B957F64D2A6A46A200EB44DD /* Lemon App View (Stacks)Tests.xctest */,
				B957F6572A6A46A200EB44DD /* Lemon App View (Stacks)UITests.xctest */,
			);
			name = Products;
			sourceTree = "<group>";
		};
		B957F63F2A6A46A000EB44DD /* Lemon App View Exercise */ = {
			isa = PBXGroup;
			children = (
				B957F6402A6A46A000EB44DD /* Lemon_App_View_ExerciseApp.swift */,
				B957F6422A6A46A000EB44DD /* ContentView.swift */,
				B957F6442A6A46A200EB44DD /* Assets.xcassets */,
				B957F6462A6A46A200EB44DD /* Preview Content */,
			);
			path = "Lemon App View Exercise";
			sourceTree = "<group>";
		};
		B957F6462A6A46A200EB44DD /* Preview Content */ = {
			isa = PBXGroup;
			children = (
				B957F6472A6A46A200EB44DD /* Preview Assets.xcassets */,
			);
			path = "Preview Content";
			sourceTree = "<group>";
		};
		B957F6502A6A46A200EB44DD /* Lemon App View ExerciseTests */ = {
			isa = PBXGroup;
			children = (
				B957F6512A6A46A200EB44DD /* Lemon_App_View_ExerciseTests.swift */,
			);
			path = "Lemon App View ExerciseTests";
			sourceTree = "<group>";
		};
		B957F65A2A6A46A200EB44DD /* Lemon App View ExerciseUITests */ = {
			isa = PBXGroup;
			children = (
				B957F65B2A6A46A200EB44DD /* Lemon_App_View_ExerciseUITests.swift */,
				B957F65D2A6A46A200EB44DD /* Lemon_App_View_ExerciseUITestsLaunchTests.swift */,
			);
			path = "Lemon App View ExerciseUITests";
			sourceTree = "<group>";
		};
/* End PBXGroup section */

/* Begin PBXNativeTarget section */
		B957F63C2A6A46A000EB44DD /* Lemon App View (Stacks) */ = {
			isa = PBXNativeTarget;
			buildConfigurationList = B957F6612A6A46A200EB44DD /* Build configuration list for PBXNativeTarget "Lemon App View (Stacks)" */;
			buildPhases = (
				B957F6392A6A46A000EB44DD /* Sources */,
				B957F63A2A6A46A000EB44DD /* Frameworks */,
				B957F63B2A6A46A000EB44DD /* Resources */,
			);
			buildRules = (
			);
			dependencies = (
			);
			name = "Lemon App View (Stacks)";
			productName = "Lemon App View Exercise";
			productReference = B957F63D2A6A46A000EB44DD /* Lemon App View (Stacks).app */;
			productType = "com.apple.product-type.application";
		};
		B957F64C2A6A46A200EB44DD /* Lemon App View (Stacks)Tests */ = {
			isa = PBXNativeTarget;
			buildConfigurationList = B957F6642A6A46A200EB44DD /* Build configuration list for PBXNativeTarget "Lemon App View (Stacks)Tests" */;
			buildPhases = (
				B957F6492A6A46A200EB44DD /* Sources */,
				B957F64A2A6A46A200EB44DD /* Frameworks */,
				B957F64B2A6A46A200EB44DD /* Resources */,
			);
			buildRules = (
			);
			dependencies = (
				B957F64F2A6A46A200EB44DD /* PBXTargetDependency */,
			);
			name = "Lemon App View (Stacks)Tests";
			productName = "Lemon App View ExerciseTests";
			productReference = B957F64D2A6A46A200EB44DD /* Lemon App View (Stacks)Tests.xctest */;
			productType = "com.apple.product-type.bundle.unit-test";
		};
		B957F6562A6A46A200EB44DD /* Lemon App View (Stacks)UITests */ = {
			isa = PBXNativeTarget;
			buildConfigurationList = B957F6672A6A46A200EB44DD /* Build configuration list for PBXNativeTarget "Lemon App View (Stacks)UITests" */;
			buildPhases = (
				B957F6532A6A46A200EB44DD /* Sources */,
				B957F6542A6A46A200EB44DD /* Frameworks */,
				B957F6552A6A46A200EB44DD /* Resources */,
			);
			buildRules = (
			);
			dependencies = (
				B957F6592A6A46A200EB44DD /* PBXTargetDependency */,
			);
			name = "Lemon App View (Stacks)UITests";
			productName = "Lemon App View ExerciseUITests";
			productReference = B957F6572A6A46A200EB44DD /* Lemon App View (Stacks)UITests.xctest */;
			productType = "com.apple.product-type.bundle.ui-testing";
		};
/* End PBXNativeTarget section */

/* Begin PBXProject section */
		B957F6352A6A46A000EB44DD /* Project object */ = {
			isa = PBXProject;
			attributes = {
				BuildIndependentTargetsInParallel = 1;
				LastSwiftUpdateCheck = 1430;
				LastUpgradeCheck = 1430;
				TargetAttributes = {
					B957F63C2A6A46A000EB44DD = {
						CreatedOnToolsVersion = 14.3;
					};
					B957F64C2A6A46A200EB44DD = {
						CreatedOnToolsVersion = 14.3;
						TestTargetID = B957F63C2A6A46A000EB44DD;
					};
					B957F6562A6A46A200EB44DD = {
						CreatedOnToolsVersion = 14.3;
						TestTargetID = B957F63C2A6A46A000EB44DD;
					};
				};
			};
			buildConfigurationList = B957F6382A6A46A000EB44DD /* Build configuration list for PBXProject "Lemon App View (Stacks)" */;
			compatibilityVersion = "Xcode 14.0";
			developmentRegion = en;
			hasScannedForEncodings = 0;
			knownRegions = (
				en,
				Base,
			);
			mainGroup = B957F6342A6A46A000EB44DD;
			productRefGroup = B957F63E2A6A46A000EB44DD /* Products */;
			projectDirPath = "";
			projectRoot = "";
			targets = (
				B957F63C2A6A46A000EB44DD /* Lemon App View (Stacks) */,
				B957F64C2A6A46A200EB44DD /* Lemon App View (Stacks)Tests */,
				B957F6562A6A46A200EB44DD /* Lemon App View (Stacks)UITests */,
			);
		};
/* End PBXProject section */

/* Begin PBXResourcesBuildPhase section */
		B957F63B2A6A46A000EB44DD /* Resources */ = {
			isa = PBXResourcesBuildPhase;
			buildActionMask = 2147483647;
			files = (
				B957F6482A6A46A200EB44DD /* Preview Assets.xcassets in Resources */,
				B957F6452A6A46A200EB44DD /* Assets.xcassets in Resources */,
			);
			runOnlyForDeploymentPostprocessing = 0;
		};
		B957F64B2A6A46A200EB44DD /* Resources */ = {
			isa = PBXResourcesBuildPhase;
			buildActionMask = 2147483647;
			files = (
			);
			runOnlyForDeploymentPostprocessing = 0;
		};
		B957F6552A6A46A200EB44DD /* Resources */ = {
			isa = PBXResourcesBuildPhase;
			buildActionMask = 2147483647;
			files = (
			);
			runOnlyForDeploymentPostprocessing = 0;
		};
/* End PBXResourcesBuildPhase section */

/* Begin PBXSourcesBuildPhase section */
		B957F6392A6A46A000EB44DD /* Sources */ = {
			isa = PBXSourcesBuildPhase;
			buildActionMask = 2147483647;
			files = (
				B957F6432A6A46A000EB44DD /* ContentView.swift in Sources */,
				B957F6412A6A46A000EB44DD /* Lemon_App_View_ExerciseApp.swift in Sources */,
			);
			runOnlyForDeploymentPostprocessing = 0;
		};
		B957F6492A6A46A200EB44DD /* Sources */ = {
			isa = PBXSourcesBuildPhase;
			buildActionMask = 2147483647;
			files = (
				B957F6522A6A46A200EB44DD /* Lemon_App_View_ExerciseTests.swift in Sources */,
			);
			runOnlyForDeploymentPostprocessing = 0;
		};
		B957F6532A6A46A200EB44DD /* Sources */ = {
			isa = PBXSourcesBuildPhase;
			buildActionMask = 2147483647;
			files = (
				B957F65C2A6A46A200EB44DD /* Lemon_App_View_ExerciseUITests.swift in Sources */,
				B957F65E2A6A46A200EB44DD /* Lemon_App_View_ExerciseUITestsLaunchTests.swift in Sources */,
			);
			runOnlyForDeploymentPostprocessing = 0;
		};
/* End PBXSourcesBuildPhase section */

/* Begin PBXTargetDependency section */
		B957F64F2A6A46A200EB44DD /* PBXTargetDependency */ = {
			isa = PBXTargetDependency;
			target = B957F63C2A6A46A000EB44DD /* Lemon App View (Stacks) */;
			targetProxy = B957F64E2A6A46A200EB44DD /* PBXContainerItemProxy */;
		};
		B957F6592A6A46A200EB44DD /* PBXTargetDependency */ = {
			isa = PBXTargetDependency;
			target = B957F63C2A6A46A000EB44DD /* Lemon App View (Stacks) */;
			targetProxy = B957F6582A6A46A200EB44DD /* PBXContainerItemProxy */;
		};
/* End PBXTargetDependency section */

/* Begin XCBuildConfiguration section */
		B957F65F2A6A46A200EB44DD /* Debug */ = {
			isa = XCBuildConfiguration;
			buildSettings = {
				ALWAYS_SEARCH_USER_PATHS = NO;
				CLANG_ANALYZER_NONNULL = YES;
				CLANG_ANALYZER_NUMBER_OBJECT_CONVERSION = YES_AGGRESSIVE;
				CLANG_CXX_LANGUAGE_STANDARD = "gnu++20";
				CLANG_ENABLE_MODULES = YES;
				CLANG_ENABLE_OBJC_ARC = YES;
				CLANG_ENABLE_OBJC_WEAK = YES;
				CLANG_WARN_BLOCK_CAPTURE_AUTORELEASING = YES;
				CLANG_WARN_BOOL_CONVERSION = YES;
				CLANG_WARN_COMMA = YES;
				CLANG_WARN_CONSTANT_CONVERSION = YES;
				CLANG_WARN_DEPRECATED_OBJC_IMPLEMENTATIONS = YES;
				CLANG_WARN_DIRECT_OBJC_ISA_USAGE = YES_ERROR;
				CLANG_WARN_DOCUMENTATION_COMMENTS = YES;
				CLANG_WARN_EMPTY_BODY = YES;
				CLANG_WARN_ENUM_CONVERSION = YES;
				CLANG_WARN_INFINITE_RECURSION = YES;
				CLANG_WARN_INT_CONVERSION = YES;
				CLANG_WARN_NON_LITERAL_NULL_CONVERSION = YES;
				CLANG_WARN_OBJC_IMPLICIT_RETAIN_SELF = YES;
				CLANG_WARN_OBJC_LITERAL_CONVERSION = YES;
				CLANG_WARN_OBJC_ROOT_CLASS = YES_ERROR;
				CLANG_WARN_QUOTED_INCLUDE_IN_FRAMEWORK_HEADER = YES;
				CLANG_WARN_RANGE_LOOP_ANALYSIS = YES;
				CLANG_WARN_STRICT_PROTOTYPES = YES;
				CLANG_WARN_SUSPICIOUS_MOVE = YES;
				CLANG_WARN_UNGUARDED_AVAILABILITY = YES_AGGRESSIVE;
				CLANG_WARN_UNREACHABLE_CODE = YES;
				CLANG_WARN__DUPLICATE_METHOD_MATCH = YES;
				COPY_PHASE_STRIP = NO;
				DEBUG_INFORMATION_FORMAT = dwarf;
				ENABLE_STRICT_OBJC_MSGSEND = YES;
				ENABLE_TESTABILITY = YES;
				GCC_C_LANGUAGE_STANDARD = gnu11;
				GCC_DYNAMIC_NO_PIC = NO;
				GCC_NO_COMMON_BLOCKS = YES;
				GCC_OPTIMIZATION_LEVEL = 0;
				GCC_PREPROCESSOR_DEFINITIONS = (
					"DEBUG=1",
					"$(inherited)",
				);
				GCC_WARN_64_TO_32_BIT_CONVERSION = YES;
				GCC_WARN_ABOUT_RETURN_TYPE = YES_ERROR;
				GCC_WARN_UNDECLARED_SELECTOR = YES;
				GCC_WARN_UNINITIALIZED_AUTOS = YES_AGGRESSIVE;
				GCC_WARN_UNUSED_FUNCTION = YES;
				GCC_WARN_UNUSED_VARIABLE = YES;
				IPHONEOS_DEPLOYMENT_TARGET = 16.4;
				MTL_ENABLE_DEBUG_INFO = INCLUDE_SOURCE;
				MTL_FAST_MATH = YES;
				ONLY_ACTIVE_ARCH = YES;
				SDKROOT = iphoneos;
				SWIFT_ACTIVE_COMPILATION_CONDITIONS = DEBUG;
				SWIFT_OPTIMIZATION_LEVEL = "-Onone";
			};
			name = Debug;
		};
		B957F6602A6A46A200EB44DD /* Release */ = {
			isa = XCBuildConfiguration;
			buildSettings = {
				ALWAYS_SEARCH_USER_PATHS = NO;
				CLANG_ANALYZER_NONNULL = YES;
				CLANG_ANALYZER_NUMBER_OBJECT_CONVERSION = YES_AGGRESSIVE;
				CLANG_CXX_LANGUAGE_STANDARD = "gnu++20";
				CLANG_ENABLE_MODULES = YES;
				CLANG_ENABLE_OBJC_ARC = YES;
				CLANG_ENABLE_OBJC_WEAK = YES;
				CLANG_WARN_BLOCK_CAPTURE_AUTORELEASING = YES;
				CLANG_WARN_BOOL_CONVERSION = YES;
				CLANG_WARN_COMMA = YES;
				CLANG_WARN_CONSTANT_CONVERSION = YES;
				CLANG_WARN_DEPRECATED_OBJC_IMPLEMENTATIONS = YES;
				CLANG_WARN_DIRECT_OBJC_ISA_USAGE = YES_ERROR;
				CLANG_WARN_DOCUMENTATION_COMMENTS = YES;
				CLANG_WARN_EMPTY_BODY = YES;
				CLANG_WARN_ENUM_CONVERSION = YES;
				CLANG_WARN_INFINITE_RECURSION = YES;
				CLANG_WARN_INT_CONVERSION = YES;
				CLANG_WARN_NON_LITERAL_NULL_CONVERSION = YES;
				CLANG_WARN_OBJC_IMPLICIT_RETAIN_SELF = YES;
				CLANG_WARN_OBJC_LITERAL_CONVERSION = YES;
				CLANG_WARN_OBJC_ROOT_CLASS = YES_ERROR;
				CLANG_WARN_QUOTED_INCLUDE_IN_FRAMEWORK_HEADER = YES;
				CLANG_WARN_RANGE_LOOP_ANALYSIS = YES;
				CLANG_WARN_STRICT_PROTOTYPES = YES;
				CLANG_WARN_SUSPICIOUS_MOVE = YES;
				CLANG_WARN_UNGUARDED_AVAILABILITY = YES_AGGRESSIVE;
				CLANG_WARN_UNREACHABLE_CODE = YES;
				CLANG_WARN__DUPLICATE_METHOD_MATCH = YES;
				COPY_PHASE_STRIP = NO;
				DEBUG_INFORMATION_FORMAT = "dwarf-with-dsym";
				ENABLE_NS_ASSERTIONS = NO;
				ENABLE_STRICT_OBJC_MSGSEND = YES;
				GCC_C_LANGUAGE_STANDARD = gnu11;
				GCC_NO_COMMON_BLOCKS = YES;
				GCC_WARN_64_TO_32_BIT_CONVERSION = YES;
				GCC_WARN_ABOUT_RETURN_TYPE = YES_ERROR;
				GCC_WARN_UNDECLARED_SELECTOR = YES;
				GCC_WARN_UNINITIALIZED_AUTOS = YES_AGGRESSIVE;
				GCC_WARN_UNUSED_FUNCTION = YES;
				GCC_WARN_UNUSED_VARIABLE = YES;
				IPHONEOS_DEPLOYMENT_TARGET = 16.4;
				MTL_ENABLE_DEBUG_INFO = NO;
				MTL_FAST_MATH = YES;
				SDKROOT = iphoneos;
				SWIFT_COMPILATION_MODE = wholemodule;
				SWIFT_OPTIMIZATION_LEVEL = "-O";
				VALIDATE_PRODUCT = YES;
			};
			name = Release;
		};
		B957F6622A6A46A200EB44DD /* Debug */ = {
			isa = XCBuildConfiguration;
			buildSettings = {
				ASSETCATALOG_COMPILER_APPICON_NAME = AppIcon;
				ASSETCATALOG_COMPILER_GLOBAL_ACCENT_COLOR_NAME = AccentColor;
				CODE_SIGN_STYLE = Automatic;
				CURRENT_PROJECT_VERSION = 1;
				DEVELOPMENT_ASSET_PATHS = "\"Lemon App View Exercise/Preview Content\"";
				DEVELOPMENT_TEAM = KRPJJNJAQG;
				ENABLE_PREVIEWS = YES;
				GENERATE_INFOPLIST_FILE = YES;
				INFOPLIST_KEY_UIApplicationSceneManifest_Generation = YES;
				INFOPLIST_KEY_UIApplicationSupportsIndirectInputEvents = YES;
				INFOPLIST_KEY_UILaunchScreen_Generation = YES;
				INFOPLIST_KEY_UISupportedInterfaceOrientations_iPad = "UIInterfaceOrientationPortrait UIInterfaceOrientationPortraitUpsideDown UIInterfaceOrientationLandscapeLeft UIInterfaceOrientationLandscapeRight";
				INFOPLIST_KEY_UISupportedInterfaceOrientations_iPhone = "UIInterfaceOrientationPortrait UIInterfaceOrientationLandscapeLeft UIInterfaceOrientationLandscapeRight";
				LD_RUNPATH_SEARCH_PATHS = (
					"$(inherited)",
					"@executable_path/Frameworks",
				);
				MARKETING_VERSION = 1.0;
				PRODUCT_BUNDLE_IDENTIFIER = "MetaCourse.Lemon-App-View-Exercise";
				PRODUCT_NAME = "$(TARGET_NAME)";
				SWIFT_EMIT_LOC_STRINGS = YES;
				SWIFT_VERSION = 5.0;
				TARGETED_DEVICE_FAMILY = "1,2";
			};
			name = Debug;
		};
		B957F6632A6A46A200EB44DD /* Release */ = {
			isa = XCBuildConfiguration;
			buildSettings = {
				ASSETCATALOG_COMPILER_APPICON_NAME = AppIcon;
				ASSETCATALOG_COMPILER_GLOBAL_ACCENT_COLOR_NAME = AccentColor;
				CODE_SIGN_STYLE = Automatic;
				CURRENT_PROJECT_VERSION = 1;
				DEVELOPMENT_ASSET_PATHS = "\"Lemon App View Exercise/Preview Content\"";
				DEVELOPMENT_TEAM = KRPJJNJAQG;
				ENABLE_PREVIEWS = YES;
				GENERATE_INFOPLIST_FILE = YES;
				INFOPLIST_KEY_UIApplicationSceneManifest_Generation = YES;
				INFOPLIST_KEY_UIApplicationSupportsIndirectInputEvents = YES;
				INFOPLIST_KEY_UILaunchScreen_Generation = YES;
				INFOPLIST_KEY_UISupportedInterfaceOrientations_iPad = "UIInterfaceOrientationPortrait UIInterfaceOrientationPortraitUpsideDown UIInterfaceOrientationLandscapeLeft UIInterfaceOrientationLandscapeRight";
				INFOPLIST_KEY_UISupportedInterfaceOrientations_iPhone = "UIInterfaceOrientationPortrait UIInterfaceOrientationLandscapeLeft UIInterfaceOrientationLandscapeRight";
				LD_RUNPATH_SEARCH_PATHS = (
					"$(inherited)",
					"@executable_path/Frameworks",
				);
				MARKETING_VERSION = 1.0;
				PRODUCT_BUNDLE_IDENTIFIER = "MetaCourse.Lemon-App-View-Exercise";
				PRODUCT_NAME = "$(TARGET_NAME)";
				SWIFT_EMIT_LOC_STRINGS = YES;
				SWIFT_VERSION = 5.0;
				TARGETED_DEVICE_FAMILY = "1,2";
			};
			name = Release;
		};
		B957F6652A6A46A200EB44DD /* Debug */ = {
			isa = XCBuildConfiguration;
			buildSettings = {
				ALWAYS_EMBED_SWIFT_STANDARD_LIBRARIES = YES;
				BUNDLE_LOADER = "$(TEST_HOST)";
				CODE_SIGN_STYLE = Automatic;
				CURRENT_PROJECT_VERSION = 1;
				DEVELOPMENT_TEAM = KRPJJNJAQG;
				GENERATE_INFOPLIST_FILE = YES;
				IPHONEOS_DEPLOYMENT_TARGET = 16.4;
				MARKETING_VERSION = 1.0;
				PRODUCT_BUNDLE_IDENTIFIER = "MetaCourse.Lemon-App-View-ExerciseTests";
				PRODUCT_NAME = "$(TARGET_NAME)";
				SWIFT_EMIT_LOC_STRINGS = NO;
				SWIFT_VERSION = 5.0;
				TARGETED_DEVICE_FAMILY = "1,2";
				TEST_HOST = "$(BUILT_PRODUCTS_DIR)/Lemon App View (Stacks).app/$(BUNDLE_EXECUTABLE_FOLDER_PATH)/Lemon App View (Stacks)";
			};
			name = Debug;
		};
		B957F6662A6A46A200EB44DD /* Release */ = {
			isa = XCBuildConfiguration;
			buildSettings = {
				ALWAYS_EMBED_SWIFT_STANDARD_LIBRARIES = YES;
				BUNDLE_LOADER = "$(TEST_HOST)";
				CODE_SIGN_STYLE = Automatic;
				CURRENT_PROJECT_VERSION = 1;
				DEVELOPMENT_TEAM = KRPJJNJAQG;
				GENERATE_INFOPLIST_FILE = YES;
				IPHONEOS_DEPLOYMENT_TARGET = 16.4;
				MARKETING_VERSION = 1.0;
				PRODUCT_BUNDLE_IDENTIFIER = "MetaCourse.Lemon-App-View-ExerciseTests";
				PRODUCT_NAME = "$(TARGET_NAME)";
				SWIFT_EMIT_LOC_STRINGS = NO;
				SWIFT_VERSION = 5.0;
				TARGETED_DEVICE_FAMILY = "1,2";
				TEST_HOST = "$(BUILT_PRODUCTS_DIR)/Lemon App View (Stacks).app/$(BUNDLE_EXECUTABLE_FOLDER_PATH)/Lemon App View (Stacks)";
			};
			name = Release;
		};
		B957F6682A6A46A200EB44DD /* Debug */ = {
			isa = XCBuildConfiguration;
			buildSettings = {
				ALWAYS_EMBED_SWIFT_STANDARD_LIBRARIES = YES;
				CODE_SIGN_STYLE = Automatic;
				CURRENT_PROJECT_VERSION = 1;
				DEVELOPMENT_TEAM = KRPJJNJAQG;
				GENERATE_INFOPLIST_FILE = YES;
				MARKETING_VERSION = 1.0;
				PRODUCT_BUNDLE_IDENTIFIER = "MetaCourse.Lemon-App-View-ExerciseUITests";
				PRODUCT_NAME = "$(TARGET_NAME)";
				SWIFT_EMIT_LOC_STRINGS = NO;
				SWIFT_VERSION = 5.0;
				TARGETED_DEVICE_FAMILY = "1,2";
				TEST_TARGET_NAME = "Lemon App View Exercise";
			};
			name = Debug;
		};
		B957F6692A6A46A200EB44DD /* Release */ = {
			isa = XCBuildConfiguration;
			buildSettings = {
				ALWAYS_EMBED_SWIFT_STANDARD_LIBRARIES = YES;
				CODE_SIGN_STYLE = Automatic;
				CURRENT_PROJECT_VERSION = 1;
				DEVELOPMENT_TEAM = KRPJJNJAQG;
				GENERATE_INFOPLIST_FILE = YES;
				MARKETING_VERSION = 1.0;
				PRODUCT_BUNDLE_IDENTIFIER = "MetaCourse.Lemon-App-View-ExerciseUITests";
				PRODUCT_NAME = "$(TARGET_NAME)";
				SWIFT_EMIT_LOC_STRINGS = NO;
				SWIFT_VERSION = 5.0;
				TARGETED_DEVICE_FAMILY = "1,2";
				TEST_TARGET_NAME = "Lemon App View Exercise";
			};
			name = Release;
		};
/* End XCBuildConfiguration section */

/* Begin XCConfigurationList section */
		B957F6382A6A46A000EB44DD /* Build configuration list for PBXProject "Lemon App View (Stacks)" */ = {
			isa = XCConfigurationList;
			buildConfigurations = (
				B957F65F2A6A46A200EB44DD /* Debug */,
				B957F6602A6A46A200EB44DD /* Release */,
			);
			defaultConfigurationIsVisible = 0;
			defaultConfigurationName = Release;
		};
		B957F6612A6A46A200EB44DD /* Build configuration list for PBXNativeTarget "Lemon App View (Stacks)" */ = {
			isa = XCConfigurationList;
			buildConfigurations = (
				B957F6622A6A46A200EB44DD /* Debug */,
				B957F6632A6A46A200EB44DD /* Release */,
			);
			defaultConfigurationIsVisible = 0;
			defaultConfigurationName = Release;
		};
		B957F6642A6A46A200EB44DD /* Build configuration list for PBXNativeTarget "Lemon App View (Stacks)Tests" */ = {
			isa = XCConfigurationList;
			buildConfigurations = (
				B957F6652A6A46A200EB44DD /* Debug */,
				B957F6662A6A46A200EB44DD /* Release */,
			);
			defaultConfigurationIsVisible = 0;
			defaultConfigurationName = Release;
		};
		B957F6672A6A46A200EB44DD /* Build configuration list for PBXNativeTarget "Lemon App View (Stacks)UITests" */ = {
			isa = XCConfigurationList;
			buildConfigurations = (
				B957F6682A6A46A200EB44DD /* Debug */,
				B957F6692A6A46A200EB44DD /* Release */,
			);
			defaultConfigurationIsVisible = 0;
			defaultConfigurationName = Release;
		};
/* End XCConfigurationList section */
	};
	rootObject = B957F6352A6A46A000EB44DD /* Project object */;
}
